
Microsoft Visual Studio Solution File, Format Version 12.00
# Visual Studio Version 17
VisualStudioVersion = 17.0.31903.59
MinimumVisualStudioVersion = 10.0.40219.1
Project("{FAE04EC0-301F-11D3-BF4B-00C04F79EFBC}") = "BoltonCup.Auth", "src\BoltonCup.Auth.csproj", "{057FF84B-B658-4BBA-B75C-47A90CE90D3A}"
EndProject
Project("{FAE04EC0-301F-11D3-BF4B-00C04F79EFBC}") = "BoltonCup.Common", "..\BoltonCup.Common\src\BoltonCup.Common.csproj", "{594D4D28-449F-4129-96DE-DB49E9BFD375}"
EndProject
Project("{FAE04EC0-301F-11D3-BF4B-00C04F79EFBC}") = "BoltonCup.Core", "..\BoltonCup.Core\src\BoltonCup.Core.csproj", "{FE8D747A-75B6-4594-A3CB-49772BBBDFD6}"
EndProject
Project("{FAE04EC0-301F-11D3-BF4B-00C04F79EFBC}") = "BoltonCup.Shared", "..\BoltonCup.Shared\src\BoltonCup.Shared.csproj", "{516C6EEE-D49D-4394-801E-42226FFEC7C6}"
EndProject
Project("{FAE04EC0-301F-11D3-BF4B-00C04F79EFBC}") = "BoltonCup.WebAPI.Client", "..\BoltonCup.WebAPI.Client\src\BoltonCup.WebAPI.Client.csproj", "{AF53D860-5AAB-4B4F-9530-DCDF20771C5D}"
EndProject
Global
	GlobalSection(SolutionConfigurationPlatforms) = preSolution
		Debug|Any CPU = Debug|Any CPU
		Debug|x64 = Debug|x64
		Debug|x86 = Debug|x86
		Release|Any CPU = Release|Any CPU
		Release|x64 = Release|x64
		Release|x86 = Release|x86
	EndGlobalSection
	GlobalSection(ProjectConfigurationPlatforms) = postSolution
		{057FF84B-B658-4BBA-B75C-47A90CE90D3A}.Debug|Any CPU.ActiveCfg = Debug|Any CPU
		{057FF84B-B658-4BBA-B75C-47A90CE90D3A}.Debug|Any CPU.Build.0 = Debug|Any CPU
		{057FF84B-B658-4BBA-B75C-47A90CE90D3A}.Debug|x64.ActiveCfg = Debug|Any CPU
		{057FF84B-B658-4BBA-B75C-47A90CE90D3A}.Debug|x64.Build.0 = Debug|Any CPU
		{057FF84B-B658-4BBA-B75C-47A90CE90D3A}.Debug|x86.ActiveCfg = Debug|Any CPU
		{057FF84B-B658-4BBA-B75C-47A90CE90D3A}.Debug|x86.Build.0 = Debug|Any CPU
		{057FF84B-B658-4BBA-B75C-47A90CE90D3A}.Release|Any CPU.ActiveCfg = Release|Any CPU
		{057FF84B-B658-4BBA-B75C-47A90CE90D3A}.Release|Any CPU.Build.0 = Release|Any CPU
		{057FF84B-B658-4BBA-B75C-47A90CE90D3A}.Release|x64.ActiveCfg = Release|Any CPU
		{057FF84B-B658-4BBA-B75C-47A90CE90D3A}.Release|x64.Build.0 = Release|Any CPU
		{057FF84B-B658-4BBA-B75C-47A90CE90D3A}.Release|x86.ActiveCfg = Release|Any CPU
		{057FF84B-B658-4BBA-B75C-47A90CE90D3A}.Release|x86.Build.0 = Release|Any CPU
		{594D4D28-449F-4129-96DE-DB49E9BFD375}.Debug|Any CPU.ActiveCfg = Debug|Any CPU
		{594D4D28-449F-4129-96DE-DB49E9BFD375}.Debug|Any CPU.Build.0 = Debug|Any CPU
		{594D4D28-449F-4129-96DE-DB49E9BFD375}.Debug|x64.ActiveCfg = Debug|Any CPU
		{594D4D28-449F-4129-96DE-DB49E9BFD375}.Debug|x64.Build.0 = Debug|Any CPU
		{594D4D28-449F-4129-96DE-DB49E9BFD375}.Debug|x86.ActiveCfg = Debug|Any CPU
		{594D4D28-449F-4129-96DE-DB49E9BFD375}.Debug|x86.Build.0 = Debug|Any CPU
		{594D4D28-449F-4129-96DE-DB49E9BFD375}.Release|Any CPU.ActiveCfg = Release|Any CPU
		{594D4D28-449F-4129-96DE-DB49E9BFD375}.Release|Any CPU.Build.0 = Release|Any CPU
		{594D4D28-449F-4129-96DE-DB49E9BFD375}.Release|x64.ActiveCfg = Release|Any CPU
		{594D4D28-449F-4129-96DE-DB49E9BFD375}.Release|x64.Build.0 = Release|Any CPU
		{594D4D28-449F-4129-96DE-DB49E9BFD375}.Release|x86.ActiveCfg = Release|Any CPU
		{594D4D28-449F-4129-96DE-DB49E9BFD375}.Release|x86.Build.0 = Release|Any CPU
		{FE8D747A-75B6-4594-A3CB-49772BBBDFD6}.Debug|Any CPU.ActiveCfg = Debug|Any CPU
		{FE8D747A-75B6-4594-A3CB-49772BBBDFD6}.Debug|Any CPU.Build.0 = Debug|Any CPU
		{FE8D747A-75B6-4594-A3CB-49772BBBDFD6}.Debug|x64.ActiveCfg = Debug|Any CPU
		{FE8D747A-75B6-4594-A3CB-49772BBBDFD6}.Debug|x64.Build.0 = Debug|Any CPU
		{FE8D747A-75B6-4594-A3CB-49772BBBDFD6}.Debug|x86.ActiveCfg = Debug|Any CPU
		{FE8D747A-75B6-4594-A3CB-49772BBBDFD6}.Debug|x86.Build.0 = Debug|Any CPU
		{FE8D747A-75B6-4594-A3CB-49772BBBDFD6}.Release|Any CPU.ActiveCfg = Release|Any CPU
		{FE8D747A-75B6-4594-A3CB-49772BBBDFD6}.Release|Any CPU.Build.0 = Release|Any CPU
		{FE8D747A-75B6-4594-A3CB-49772BBBDFD6}.Release|x64.ActiveCfg = Release|Any CPU
		{FE8D747A-75B6-4594-A3CB-49772BBBDFD6}.Release|x64.Build.0 = Release|Any CPU
		{FE8D747A-75B6-4594-A3CB-49772BBBDFD6}.Release|x86.ActiveCfg = Release|Any CPU
		{FE8D747A-75B6-4594-A3CB-49772BBBDFD6}.Release|x86.Build.0 = Release|Any CPU
		{516C6EEE-D49D-4394-801E-42226FFEC7C6}.Debug|Any CPU.ActiveCfg = Debug|Any CPU
		{516C6EEE-D49D-4394-801E-42226FFEC7C6}.Debug|Any CPU.Build.0 = Debug|Any CPU
		{516C6EEE-D49D-4394-801E-42226FFEC7C6}.Debug|x64.ActiveCfg = Debug|Any CPU
		{516C6EEE-D49D-4394-801E-42226FFEC7C6}.Debug|x64.Build.0 = Debug|Any CPU
		{516C6EEE-D49D-4394-801E-42226FFEC7C6}.Debug|x86.ActiveCfg = Debug|Any CPU
		{516C6EEE-D49D-4394-801E-42226FFEC7C6}.Debug|x86.Build.0 = Debug|Any CPU
		{516C6EEE-D49D-4394-801E-42226FFEC7C6}.Release|Any CPU.ActiveCfg = Release|Any CPU
		{516C6EEE-D49D-4394-801E-42226FFEC7C6}.Release|Any CPU.Build.0 = Release|Any CPU
		{516C6EEE-D49D-4394-801E-42226FFEC7C6}.Release|x64.ActiveCfg = Release|Any CPU
		{516C6EEE-D49D-4394-801E-42226FFEC7C6}.Release|x64.Build.0 = Release|Any CPU
		{516C6EEE-D49D-4394-801E-42226FFEC7C6}.Release|x86.ActiveCfg = Release|Any CPU
		{516C6EEE-D49D-4394-801E-42226FFEC7C6}.Release|x86.Build.0 = Release|Any CPU
		{AF53D860-5AAB-4B4F-9530-DCDF20771C5D}.Debug|Any CPU.ActiveCfg = Debug|Any CPU
		{AF53D860-5AAB-4B4F-9530-DCDF20771C5D}.Debug|Any CPU.Build.0 = Debug|Any CPU
		{AF53D860-5AAB-4B4F-9530-DCDF20771C5D}.Debug|x64.ActiveCfg = Debug|Any CPU
		{AF53D860-5AAB-4B4F-9530-DCDF20771C5D}.Debug|x64.Build.0 = Debug|Any CPU
		{AF53D860-5AAB-4B4F-9530-DCDF20771C5D}.Debug|x86.ActiveCfg = Debug|Any CPU
		{AF53D860-5AAB-4B4F-9530-DCDF20771C5D}.Debug|x86.Build.0 = Debug|Any CPU
		{AF53D860-5AAB-4B4F-9530-DCDF20771C5D}.Release|Any CPU.ActiveCfg = Release|Any CPU
		{AF53D860-5AAB-4B4F-9530-DCDF20771C5D}.Release|Any CPU.Build.0 = Release|Any CPU
		{AF53D860-5AAB-4B4F-9530-DCDF20771C5D}.Release|x64.ActiveCfg = Release|Any CPU
		{AF53D860-5AAB-4B4F-9530-DCDF20771C5D}.Release|x64.Build.0 = Release|Any CPU
		{AF53D860-5AAB-4B4F-9530-DCDF20771C5D}.Release|x86.ActiveCfg = Release|Any CPU
		{AF53D860-5AAB-4B4F-9530-DCDF20771C5D}.Release|x86.Build.0 = Release|Any CPU
	EndGlobalSection
	GlobalSection(SolutionProperties) = preSolution
		HideSolutionNode = FALSE
	EndGlobalSection
EndGlobal
