
Microsoft Visual Studio Solution File, Format Version 12.00
# Visual Studio Version 17
VisualStudioVersion = 17.0.31903.59
MinimumVisualStudioVersion = 10.0.40219.1
Project("{FAE04EC0-301F-11D3-BF4B-00C04F79EFBC}") = "BoltonCup.Integrations", "src\BoltonCup.Integrations.csproj", "{0B2B121E-E326-4BCC-B6B5-CF4F1E25D42D}"
EndProject
Project("{FAE04EC0-301F-11D3-BF4B-00C04F79EFBC}") = "BoltonCup.Core", "..\BoltonCup.Core\src\BoltonCup.Core.csproj", "{661201ED-6D5C-4CBC-90E2-B28F4B5B51CF}"
EndProject
Project("{FAE04EC0-301F-11D3-BF4B-00C04F79EFBC}") = "BoltonCup.Persistence", "..\BoltonCup.Persistence\src\BoltonCup.Persistence.csproj", "{251304E4-8EB9-435D-90FD-041B30A38417}"
EndProject
Project("{FAE04EC0-301F-11D3-BF4B-00C04F79EFBC}") = "BoltonCup.Shared", "..\BoltonCup.Shared\src\BoltonCup.Shared.csproj", "{A75E5937-AD30-40C7-BF22-E10B9832C588}"
EndProject
Global
	GlobalSection(SolutionConfigurationPlatforms) = preSolution
		Debug|Any CPU = Debug|Any CPU
		Debug|x64 = Debug|x64
		Debug|x86 = Debug|x86
		Release|Any CPU = Release|Any CPU
		Release|x64 = Release|x64
		Release|x86 = Release|x86
	EndGlobalSection
	GlobalSection(ProjectConfigurationPlatforms) = postSolution
		{0B2B121E-E326-4BCC-B6B5-CF4F1E25D42D}.Debug|Any CPU.ActiveCfg = Debug|Any CPU
		{0B2B121E-E326-4BCC-B6B5-CF4F1E25D42D}.Debug|Any CPU.Build.0 = Debug|Any CPU
		{0B2B121E-E326-4BCC-B6B5-CF4F1E25D42D}.Debug|x64.ActiveCfg = Debug|Any CPU
		{0B2B121E-E326-4BCC-B6B5-CF4F1E25D42D}.Debug|x64.Build.0 = Debug|Any CPU
		{0B2B121E-E326-4BCC-B6B5-CF4F1E25D42D}.Debug|x86.ActiveCfg = Debug|Any CPU
		{0B2B121E-E326-4BCC-B6B5-CF4F1E25D42D}.Debug|x86.Build.0 = Debug|Any CPU
		{0B2B121E-E326-4BCC-B6B5-CF4F1E25D42D}.Release|Any CPU.ActiveCfg = Release|Any CPU
		{0B2B121E-E326-4BCC-B6B5-CF4F1E25D42D}.Release|Any CPU.Build.0 = Release|Any CPU
		{0B2B121E-E326-4BCC-B6B5-CF4F1E25D42D}.Release|x64.ActiveCfg = Release|Any CPU
		{0B2B121E-E326-4BCC-B6B5-CF4F1E25D42D}.Release|x64.Build.0 = Release|Any CPU
		{0B2B121E-E326-4BCC-B6B5-CF4F1E25D42D}.Release|x86.ActiveCfg = Release|Any CPU
		{0B2B121E-E326-4BCC-B6B5-CF4F1E25D42D}.Release|x86.Build.0 = Release|Any CPU
		{661201ED-6D5C-4CBC-90E2-B28F4B5B51CF}.Debug|Any CPU.ActiveCfg = Debug|Any CPU
		{661201ED-6D5C-4CBC-90E2-B28F4B5B51CF}.Debug|Any CPU.Build.0 = Debug|Any CPU
		{661201ED-6D5C-4CBC-90E2-B28F4B5B51CF}.Debug|x64.ActiveCfg = Debug|Any CPU
		{661201ED-6D5C-4CBC-90E2-B28F4B5B51CF}.Debug|x64.Build.0 = Debug|Any CPU
		{661201ED-6D5C-4CBC-90E2-B28F4B5B51CF}.Debug|x86.ActiveCfg = Debug|Any CPU
		{661201ED-6D5C-4CBC-90E2-B28F4B5B51CF}.Debug|x86.Build.0 = Debug|Any CPU
		{661201ED-6D5C-4CBC-90E2-B28F4B5B51CF}.Release|Any CPU.ActiveCfg = Release|Any CPU
		{661201ED-6D5C-4CBC-90E2-B28F4B5B51CF}.Release|Any CPU.Build.0 = Release|Any CPU
		{661201ED-6D5C-4CBC-90E2-B28F4B5B51CF}.Release|x64.ActiveCfg = Release|Any CPU
		{661201ED-6D5C-4CBC-90E2-B28F4B5B51CF}.Release|x64.Build.0 = Release|Any CPU
		{661201ED-6D5C-4CBC-90E2-B28F4B5B51CF}.Release|x86.ActiveCfg = Release|Any CPU
		{661201ED-6D5C-4CBC-90E2-B28F4B5B51CF}.Release|x86.Build.0 = Release|Any CPU
		{251304E4-8EB9-435D-90FD-041B30A38417}.Debug|Any CPU.ActiveCfg = Debug|Any CPU
		{251304E4-8EB9-435D-90FD-041B30A38417}.Debug|Any CPU.Build.0 = Debug|Any CPU
		{251304E4-8EB9-435D-90FD-041B30A38417}.Debug|x64.ActiveCfg = Debug|Any CPU
		{251304E4-8EB9-435D-90FD-041B30A38417}.Debug|x64.Build.0 = Debug|Any CPU
		{251304E4-8EB9-435D-90FD-041B30A38417}.Debug|x86.ActiveCfg = Debug|Any CPU
		{251304E4-8EB9-435D-90FD-041B30A38417}.Debug|x86.Build.0 = Debug|Any CPU
		{251304E4-8EB9-435D-90FD-041B30A38417}.Release|Any CPU.ActiveCfg = Release|Any CPU
		{251304E4-8EB9-435D-90FD-041B30A38417}.Release|Any CPU.Build.0 = Release|Any CPU
		{251304E4-8EB9-435D-90FD-041B30A38417}.Release|x64.ActiveCfg = Release|Any CPU
		{251304E4-8EB9-435D-90FD-041B30A38417}.Release|x64.Build.0 = Release|Any CPU
		{251304E4-8EB9-435D-90FD-041B30A38417}.Release|x86.ActiveCfg = Release|Any CPU
		{251304E4-8EB9-435D-90FD-041B30A38417}.Release|x86.Build.0 = Release|Any CPU
		{A75E5937-AD30-40C7-BF22-E10B9832C588}.Debug|Any CPU.ActiveCfg = Debug|Any CPU
		{A75E5937-AD30-40C7-BF22-E10B9832C588}.Debug|Any CPU.Build.0 = Debug|Any CPU
		{A75E5937-AD30-40C7-BF22-E10B9832C588}.Debug|x64.ActiveCfg = Debug|Any CPU
		{A75E5937-AD30-40C7-BF22-E10B9832C588}.Debug|x64.Build.0 = Debug|Any CPU
		{A75E5937-AD30-40C7-BF22-E10B9832C588}.Debug|x86.ActiveCfg = Debug|Any CPU
		{A75E5937-AD30-40C7-BF22-E10B9832C588}.Debug|x86.Build.0 = Debug|Any CPU
		{A75E5937-AD30-40C7-BF22-E10B9832C588}.Release|Any CPU.ActiveCfg = Release|Any CPU
		{A75E5937-AD30-40C7-BF22-E10B9832C588}.Release|Any CPU.Build.0 = Release|Any CPU
		{A75E5937-AD30-40C7-BF22-E10B9832C588}.Release|x64.ActiveCfg = Release|Any CPU
		{A75E5937-AD30-40C7-BF22-E10B9832C588}.Release|x64.Build.0 = Release|Any CPU
		{A75E5937-AD30-40C7-BF22-E10B9832C588}.Release|x86.ActiveCfg = Release|Any CPU
		{A75E5937-AD30-40C7-BF22-E10B9832C588}.Release|x86.Build.0 = Release|Any CPU
	EndGlobalSection
	GlobalSection(SolutionProperties) = preSolution
		HideSolutionNode = FALSE
	EndGlobalSection
EndGlobal
