
Microsoft Visual Studio Solution File, Format Version 12.00
# Visual Studio Version 17
VisualStudioVersion = 17.5.002.0
MinimumVisualStudioVersion = 10.0.40219.1
Project("{9A19103F-16F7-4668-BE54-9A1E7A4F7556}") = "BoltonCup.Web", "BoltonCup.Web\BoltonCup.Web.csproj", "{C9DF8201-E300-4902-9036-0825D620B6E6}"
EndProject
Project("{FAE04EC0-301F-11D3-BF4B-00C04F79EFBC}") = "BoltonCup.Shared", "BoltonCup.Shared\BoltonCup.Shared.csproj", "{D6E1B3D0-E31D-40F5-816D-79C27971DFD6}"
EndProject
Project("{FAE04EC0-301F-11D3-BF4B-00C04F79EFBC}") = "BoltonCup.App", "BoltonCup.App\BoltonCup.App.csproj", "{56231C39-1020-47BC-8F87-5C109F8EDC53}"
EndProject
Global
	GlobalSection(SolutionConfigurationPlatforms) = preSolution
		Debug|Any CPU = Debug|Any CPU
		Release|Any CPU = Release|Any CPU
	EndGlobalSection
	GlobalSection(ProjectConfigurationPlatforms) = postSolution
		{C9DF8201-E300-4902-9036-0825D620B6E6}.Debug|Any CPU.ActiveCfg = Debug|Any CPU
		{C9DF8201-E300-4902-9036-0825D620B6E6}.Debug|Any CPU.Build.0 = Debug|Any CPU
		{C9DF8201-E300-4902-9036-0825D620B6E6}.Release|Any CPU.ActiveCfg = Release|Any CPU
		{C9DF8201-E300-4902-9036-0825D620B6E6}.Release|Any CPU.Build.0 = Release|Any CPU
		{D6E1B3D0-E31D-40F5-816D-79C27971DFD6}.Debug|Any CPU.ActiveCfg = Debug|Any CPU
		{D6E1B3D0-E31D-40F5-816D-79C27971DFD6}.Debug|Any CPU.Build.0 = Debug|Any CPU
		{D6E1B3D0-E31D-40F5-816D-79C27971DFD6}.Release|Any CPU.ActiveCfg = Release|Any CPU
		{D6E1B3D0-E31D-40F5-816D-79C27971DFD6}.Release|Any CPU.Build.0 = Release|Any CPU
		{56231C39-1020-47BC-8F87-5C109F8EDC53}.Debug|Any CPU.ActiveCfg = Debug|Any CPU
		{56231C39-1020-47BC-8F87-5C109F8EDC53}.Debug|Any CPU.Build.0 = Debug|Any CPU
		{56231C39-1020-47BC-8F87-5C109F8EDC53}.Release|Any CPU.ActiveCfg = Release|Any CPU
		{56231C39-1020-47BC-8F87-5C109F8EDC53}.Release|Any CPU.Build.0 = Release|Any CPU
	EndGlobalSection
	GlobalSection(SolutionProperties) = preSolution
		HideSolutionNode = FALSE
	EndGlobalSection
	GlobalSection(ExtensibilityGlobals) = postSolution
		SolutionGuid = {5D24BE8D-6E61-4DFF-AC4C-C3AE5068746F}
	EndGlobalSection
EndGlobal
