
Microsoft Visual Studio Solution File, Format Version 12.00
# Visual Studio Version 17
VisualStudioVersion = 17.0.31903.59
MinimumVisualStudioVersion = 10.0.40219.1
Project("{FAE04EC0-301F-11D3-BF4B-00C04F79EFBC}") = "BoltonCup.Timekeeper", "src\BoltonCup.Timekeeper.csproj", "{B27011A4-A326-4F73-9451-78F83C92477C}"
EndProject
Project("{FAE04EC0-301F-11D3-BF4B-00C04F79EFBC}") = "BoltonCup.Common", "..\BoltonCup.Common\src\BoltonCup.Common.csproj", "{52DC8253-8702-45FE-AF5D-225892E7642C}"
EndProject
Project("{FAE04EC0-301F-11D3-BF4B-00C04F79EFBC}") = "BoltonCup.Core", "..\BoltonCup.Core\src\BoltonCup.Core.csproj", "{49AF0ECE-D14E-46CF-B3EC-CADC1D19F3F9}"
EndProject
Project("{FAE04EC0-301F-11D3-BF4B-00C04F79EFBC}") = "BoltonCup.Shared", "..\BoltonCup.Shared\src\BoltonCup.Shared.csproj", "{76C8A9B5-A00D-44C3-8AD9-DD311A5BD79C}"
EndProject
Project("{FAE04EC0-301F-11D3-BF4B-00C04F79EFBC}") = "BoltonCup.WebAPI.Client", "..\BoltonCup.WebAPI.Client\src\BoltonCup.WebAPI.Client.csproj", "{DB8FF30B-2C7A-4A08-89D5-615855BF287D}"
EndProject
Global
	GlobalSection(SolutionConfigurationPlatforms) = preSolution
		Debug|Any CPU = Debug|Any CPU
		Debug|x64 = Debug|x64
		Debug|x86 = Debug|x86
		Release|Any CPU = Release|Any CPU
		Release|x64 = Release|x64
		Release|x86 = Release|x86
	EndGlobalSection
	GlobalSection(ProjectConfigurationPlatforms) = postSolution
		{B27011A4-A326-4F73-9451-78F83C92477C}.Debug|Any CPU.ActiveCfg = Debug|Any CPU
		{B27011A4-A326-4F73-9451-78F83C92477C}.Debug|Any CPU.Build.0 = Debug|Any CPU
		{B27011A4-A326-4F73-9451-78F83C92477C}.Debug|x64.ActiveCfg = Debug|Any CPU
		{B27011A4-A326-4F73-9451-78F83C92477C}.Debug|x64.Build.0 = Debug|Any CPU
		{B27011A4-A326-4F73-9451-78F83C92477C}.Debug|x86.ActiveCfg = Debug|Any CPU
		{B27011A4-A326-4F73-9451-78F83C92477C}.Debug|x86.Build.0 = Debug|Any CPU
		{B27011A4-A326-4F73-9451-78F83C92477C}.Release|Any CPU.ActiveCfg = Release|Any CPU
		{B27011A4-A326-4F73-9451-78F83C92477C}.Release|Any CPU.Build.0 = Release|Any CPU
		{B27011A4-A326-4F73-9451-78F83C92477C}.Release|x64.ActiveCfg = Release|Any CPU
		{B27011A4-A326-4F73-9451-78F83C92477C}.Release|x64.Build.0 = Release|Any CPU
		{B27011A4-A326-4F73-9451-78F83C92477C}.Release|x86.ActiveCfg = Release|Any CPU
		{B27011A4-A326-4F73-9451-78F83C92477C}.Release|x86.Build.0 = Release|Any CPU
		{52DC8253-8702-45FE-AF5D-225892E7642C}.Debug|Any CPU.ActiveCfg = Debug|Any CPU
		{52DC8253-8702-45FE-AF5D-225892E7642C}.Debug|Any CPU.Build.0 = Debug|Any CPU
		{52DC8253-8702-45FE-AF5D-225892E7642C}.Debug|x64.ActiveCfg = Debug|Any CPU
		{52DC8253-8702-45FE-AF5D-225892E7642C}.Debug|x64.Build.0 = Debug|Any CPU
		{52DC8253-8702-45FE-AF5D-225892E7642C}.Debug|x86.ActiveCfg = Debug|Any CPU
		{52DC8253-8702-45FE-AF5D-225892E7642C}.Debug|x86.Build.0 = Debug|Any CPU
		{52DC8253-8702-45FE-AF5D-225892E7642C}.Release|Any CPU.ActiveCfg = Release|Any CPU
		{52DC8253-8702-45FE-AF5D-225892E7642C}.Release|Any CPU.Build.0 = Release|Any CPU
		{52DC8253-8702-45FE-AF5D-225892E7642C}.Release|x64.ActiveCfg = Release|Any CPU
		{52DC8253-8702-45FE-AF5D-225892E7642C}.Release|x64.Build.0 = Release|Any CPU
		{52DC8253-8702-45FE-AF5D-225892E7642C}.Release|x86.ActiveCfg = Release|Any CPU
		{52DC8253-8702-45FE-AF5D-225892E7642C}.Release|x86.Build.0 = Release|Any CPU
		{49AF0ECE-D14E-46CF-B3EC-CADC1D19F3F9}.Debug|Any CPU.ActiveCfg = Debug|Any CPU
		{49AF0ECE-D14E-46CF-B3EC-CADC1D19F3F9}.Debug|Any CPU.Build.0 = Debug|Any CPU
		{49AF0ECE-D14E-46CF-B3EC-CADC1D19F3F9}.Debug|x64.ActiveCfg = Debug|Any CPU
		{49AF0ECE-D14E-46CF-B3EC-CADC1D19F3F9}.Debug|x64.Build.0 = Debug|Any CPU
		{49AF0ECE-D14E-46CF-B3EC-CADC1D19F3F9}.Debug|x86.ActiveCfg = Debug|Any CPU
		{49AF0ECE-D14E-46CF-B3EC-CADC1D19F3F9}.Debug|x86.Build.0 = Debug|Any CPU
		{49AF0ECE-D14E-46CF-B3EC-CADC1D19F3F9}.Release|Any CPU.ActiveCfg = Release|Any CPU
		{49AF0ECE-D14E-46CF-B3EC-CADC1D19F3F9}.Release|Any CPU.Build.0 = Release|Any CPU
		{49AF0ECE-D14E-46CF-B3EC-CADC1D19F3F9}.Release|x64.ActiveCfg = Release|Any CPU
		{49AF0ECE-D14E-46CF-B3EC-CADC1D19F3F9}.Release|x64.Build.0 = Release|Any CPU
		{49AF0ECE-D14E-46CF-B3EC-CADC1D19F3F9}.Release|x86.ActiveCfg = Release|Any CPU
		{49AF0ECE-D14E-46CF-B3EC-CADC1D19F3F9}.Release|x86.Build.0 = Release|Any CPU
		{76C8A9B5-A00D-44C3-8AD9-DD311A5BD79C}.Debug|Any CPU.ActiveCfg = Debug|Any CPU
		{76C8A9B5-A00D-44C3-8AD9-DD311A5BD79C}.Debug|Any CPU.Build.0 = Debug|Any CPU
		{76C8A9B5-A00D-44C3-8AD9-DD311A5BD79C}.Debug|x64.ActiveCfg = Debug|Any CPU
		{76C8A9B5-A00D-44C3-8AD9-DD311A5BD79C}.Debug|x64.Build.0 = Debug|Any CPU
		{76C8A9B5-A00D-44C3-8AD9-DD311A5BD79C}.Debug|x86.ActiveCfg = Debug|Any CPU
		{76C8A9B5-A00D-44C3-8AD9-DD311A5BD79C}.Debug|x86.Build.0 = Debug|Any CPU
		{76C8A9B5-A00D-44C3-8AD9-DD311A5BD79C}.Release|Any CPU.ActiveCfg = Release|Any CPU
		{76C8A9B5-A00D-44C3-8AD9-DD311A5BD79C}.Release|Any CPU.Build.0 = Release|Any CPU
		{76C8A9B5-A00D-44C3-8AD9-DD311A5BD79C}.Release|x64.ActiveCfg = Release|Any CPU
		{76C8A9B5-A00D-44C3-8AD9-DD311A5BD79C}.Release|x64.Build.0 = Release|Any CPU
		{76C8A9B5-A00D-44C3-8AD9-DD311A5BD79C}.Release|x86.ActiveCfg = Release|Any CPU
		{76C8A9B5-A00D-44C3-8AD9-DD311A5BD79C}.Release|x86.Build.0 = Release|Any CPU
		{DB8FF30B-2C7A-4A08-89D5-615855BF287D}.Debug|Any CPU.ActiveCfg = Debug|Any CPU
		{DB8FF30B-2C7A-4A08-89D5-615855BF287D}.Debug|Any CPU.Build.0 = Debug|Any CPU
		{DB8FF30B-2C7A-4A08-89D5-615855BF287D}.Debug|x64.ActiveCfg = Debug|Any CPU
		{DB8FF30B-2C7A-4A08-89D5-615855BF287D}.Debug|x64.Build.0 = Debug|Any CPU
		{DB8FF30B-2C7A-4A08-89D5-615855BF287D}.Debug|x86.ActiveCfg = Debug|Any CPU
		{DB8FF30B-2C7A-4A08-89D5-615855BF287D}.Debug|x86.Build.0 = Debug|Any CPU
		{DB8FF30B-2C7A-4A08-89D5-615855BF287D}.Release|Any CPU.ActiveCfg = Release|Any CPU
		{DB8FF30B-2C7A-4A08-89D5-615855BF287D}.Release|Any CPU.Build.0 = Release|Any CPU
		{DB8FF30B-2C7A-4A08-89D5-615855BF287D}.Release|x64.ActiveCfg = Release|Any CPU
		{DB8FF30B-2C7A-4A08-89D5-615855BF287D}.Release|x64.Build.0 = Release|Any CPU
		{DB8FF30B-2C7A-4A08-89D5-615855BF287D}.Release|x86.ActiveCfg = Release|Any CPU
		{DB8FF30B-2C7A-4A08-89D5-615855BF287D}.Release|x86.Build.0 = Release|Any CPU
	EndGlobalSection
	GlobalSection(SolutionProperties) = preSolution
		HideSolutionNode = FALSE
	EndGlobalSection
EndGlobal
