
Microsoft Visual Studio Solution File, Format Version 12.00
# Visual Studio Version 17
VisualStudioVersion = 17.0.31903.59
MinimumVisualStudioVersion = 10.0.40219.1
Project("{2150E333-8FDC-42A3-9474-1A3956D46DE8}") = "src", "src", "{827E0CD3-B72D-47B6-A68D-7590B98EB39B}"
EndProject
Project("{FAE04EC0-301F-11D3-BF4B-00C04F79EFBC}") = "BoltonCup.Draft", "src\BoltonCup.Draft.csproj", "{88C3885F-F9E0-4872-8F0B-F2FB513E455F}"
EndProject
Project("{FAE04EC0-301F-11D3-BF4B-00C04F79EFBC}") = "BoltonCup.Common", "..\BoltonCup.Common\src\BoltonCup.Common.csproj", "{FF060C34-9C93-401E-AB1A-E5E08CF7F2C7}"
EndProject
Project("{FAE04EC0-301F-11D3-BF4B-00C04F79EFBC}") = "BoltonCup.Core", "..\BoltonCup.Core\src\BoltonCup.Core.csproj", "{2C608136-88E2-4218-91B5-C2E613935A1F}"
EndProject
Project("{FAE04EC0-301F-11D3-BF4B-00C04F79EFBC}") = "BoltonCup.Shared", "..\BoltonCup.Shared\src\BoltonCup.Shared.csproj", "{C36DC237-5E5F-41CC-B91C-0B23FED3679B}"
EndProject
Project("{FAE04EC0-301F-11D3-BF4B-00C04F79EFBC}") = "BoltonCup.WebAPI.Client", "..\BoltonCup.WebAPI.Client\src\BoltonCup.WebAPI.Client.csproj", "{86930795-186C-4731-B9DB-F5F87A98686F}"
EndProject
Global
	GlobalSection(SolutionConfigurationPlatforms) = preSolution
		Debug|Any CPU = Debug|Any CPU
		Debug|x64 = Debug|x64
		Debug|x86 = Debug|x86
		Release|Any CPU = Release|Any CPU
		Release|x64 = Release|x64
		Release|x86 = Release|x86
	EndGlobalSection
	GlobalSection(ProjectConfigurationPlatforms) = postSolution
		{88C3885F-F9E0-4872-8F0B-F2FB513E455F}.Debug|Any CPU.ActiveCfg = Debug|Any CPU
		{88C3885F-F9E0-4872-8F0B-F2FB513E455F}.Debug|Any CPU.Build.0 = Debug|Any CPU
		{88C3885F-F9E0-4872-8F0B-F2FB513E455F}.Debug|x64.ActiveCfg = Debug|Any CPU
		{88C3885F-F9E0-4872-8F0B-F2FB513E455F}.Debug|x64.Build.0 = Debug|Any CPU
		{88C3885F-F9E0-4872-8F0B-F2FB513E455F}.Debug|x86.ActiveCfg = Debug|Any CPU
		{88C3885F-F9E0-4872-8F0B-F2FB513E455F}.Debug|x86.Build.0 = Debug|Any CPU
		{88C3885F-F9E0-4872-8F0B-F2FB513E455F}.Release|Any CPU.ActiveCfg = Release|Any CPU
		{88C3885F-F9E0-4872-8F0B-F2FB513E455F}.Release|Any CPU.Build.0 = Release|Any CPU
		{88C3885F-F9E0-4872-8F0B-F2FB513E455F}.Release|x64.ActiveCfg = Release|Any CPU
		{88C3885F-F9E0-4872-8F0B-F2FB513E455F}.Release|x64.Build.0 = Release|Any CPU
		{88C3885F-F9E0-4872-8F0B-F2FB513E455F}.Release|x86.ActiveCfg = Release|Any CPU
		{88C3885F-F9E0-4872-8F0B-F2FB513E455F}.Release|x86.Build.0 = Release|Any CPU
		{FF060C34-9C93-401E-AB1A-E5E08CF7F2C7}.Debug|Any CPU.ActiveCfg = Debug|Any CPU
		{FF060C34-9C93-401E-AB1A-E5E08CF7F2C7}.Debug|Any CPU.Build.0 = Debug|Any CPU
		{FF060C34-9C93-401E-AB1A-E5E08CF7F2C7}.Debug|x64.ActiveCfg = Debug|Any CPU
		{FF060C34-9C93-401E-AB1A-E5E08CF7F2C7}.Debug|x64.Build.0 = Debug|Any CPU
		{FF060C34-9C93-401E-AB1A-E5E08CF7F2C7}.Debug|x86.ActiveCfg = Debug|Any CPU
		{FF060C34-9C93-401E-AB1A-E5E08CF7F2C7}.Debug|x86.Build.0 = Debug|Any CPU
		{FF060C34-9C93-401E-AB1A-E5E08CF7F2C7}.Release|Any CPU.ActiveCfg = Release|Any CPU
		{FF060C34-9C93-401E-AB1A-E5E08CF7F2C7}.Release|Any CPU.Build.0 = Release|Any CPU
		{FF060C34-9C93-401E-AB1A-E5E08CF7F2C7}.Release|x64.ActiveCfg = Release|Any CPU
		{FF060C34-9C93-401E-AB1A-E5E08CF7F2C7}.Release|x64.Build.0 = Release|Any CPU
		{FF060C34-9C93-401E-AB1A-E5E08CF7F2C7}.Release|x86.ActiveCfg = Release|Any CPU
		{FF060C34-9C93-401E-AB1A-E5E08CF7F2C7}.Release|x86.Build.0 = Release|Any CPU
		{2C608136-88E2-4218-91B5-C2E613935A1F}.Debug|Any CPU.ActiveCfg = Debug|Any CPU
		{2C608136-88E2-4218-91B5-C2E613935A1F}.Debug|Any CPU.Build.0 = Debug|Any CPU
		{2C608136-88E2-4218-91B5-C2E613935A1F}.Debug|x64.ActiveCfg = Debug|Any CPU
		{2C608136-88E2-4218-91B5-C2E613935A1F}.Debug|x64.Build.0 = Debug|Any CPU
		{2C608136-88E2-4218-91B5-C2E613935A1F}.Debug|x86.ActiveCfg = Debug|Any CPU
		{2C608136-88E2-4218-91B5-C2E613935A1F}.Debug|x86.Build.0 = Debug|Any CPU
		{2C608136-88E2-4218-91B5-C2E613935A1F}.Release|Any CPU.ActiveCfg = Release|Any CPU
		{2C608136-88E2-4218-91B5-C2E613935A1F}.Release|Any CPU.Build.0 = Release|Any CPU
		{2C608136-88E2-4218-91B5-C2E613935A1F}.Release|x64.ActiveCfg = Release|Any CPU
		{2C608136-88E2-4218-91B5-C2E613935A1F}.Release|x64.Build.0 = Release|Any CPU
		{2C608136-88E2-4218-91B5-C2E613935A1F}.Release|x86.ActiveCfg = Release|Any CPU
		{2C608136-88E2-4218-91B5-C2E613935A1F}.Release|x86.Build.0 = Release|Any CPU
		{C36DC237-5E5F-41CC-B91C-0B23FED3679B}.Debug|Any CPU.ActiveCfg = Debug|Any CPU
		{C36DC237-5E5F-41CC-B91C-0B23FED3679B}.Debug|Any CPU.Build.0 = Debug|Any CPU
		{C36DC237-5E5F-41CC-B91C-0B23FED3679B}.Debug|x64.ActiveCfg = Debug|Any CPU
		{C36DC237-5E5F-41CC-B91C-0B23FED3679B}.Debug|x64.Build.0 = Debug|Any CPU
		{C36DC237-5E5F-41CC-B91C-0B23FED3679B}.Debug|x86.ActiveCfg = Debug|Any CPU
		{C36DC237-5E5F-41CC-B91C-0B23FED3679B}.Debug|x86.Build.0 = Debug|Any CPU
		{C36DC237-5E5F-41CC-B91C-0B23FED3679B}.Release|Any CPU.ActiveCfg = Release|Any CPU
		{C36DC237-5E5F-41CC-B91C-0B23FED3679B}.Release|Any CPU.Build.0 = Release|Any CPU
		{C36DC237-5E5F-41CC-B91C-0B23FED3679B}.Release|x64.ActiveCfg = Release|Any CPU
		{C36DC237-5E5F-41CC-B91C-0B23FED3679B}.Release|x64.Build.0 = Release|Any CPU
		{C36DC237-5E5F-41CC-B91C-0B23FED3679B}.Release|x86.ActiveCfg = Release|Any CPU
		{C36DC237-5E5F-41CC-B91C-0B23FED3679B}.Release|x86.Build.0 = Release|Any CPU
		{86930795-186C-4731-B9DB-F5F87A98686F}.Debug|Any CPU.ActiveCfg = Debug|Any CPU
		{86930795-186C-4731-B9DB-F5F87A98686F}.Debug|Any CPU.Build.0 = Debug|Any CPU
		{86930795-186C-4731-B9DB-F5F87A98686F}.Debug|x64.ActiveCfg = Debug|Any CPU
		{86930795-186C-4731-B9DB-F5F87A98686F}.Debug|x64.Build.0 = Debug|Any CPU
		{86930795-186C-4731-B9DB-F5F87A98686F}.Debug|x86.ActiveCfg = Debug|Any CPU
		{86930795-186C-4731-B9DB-F5F87A98686F}.Debug|x86.Build.0 = Debug|Any CPU
		{86930795-186C-4731-B9DB-F5F87A98686F}.Release|Any CPU.ActiveCfg = Release|Any CPU
		{86930795-186C-4731-B9DB-F5F87A98686F}.Release|Any CPU.Build.0 = Release|Any CPU
		{86930795-186C-4731-B9DB-F5F87A98686F}.Release|x64.ActiveCfg = Release|Any CPU
		{86930795-186C-4731-B9DB-F5F87A98686F}.Release|x64.Build.0 = Release|Any CPU
		{86930795-186C-4731-B9DB-F5F87A98686F}.Release|x86.ActiveCfg = Release|Any CPU
		{86930795-186C-4731-B9DB-F5F87A98686F}.Release|x86.Build.0 = Release|Any CPU
	EndGlobalSection
	GlobalSection(SolutionProperties) = preSolution
		HideSolutionNode = FALSE
	EndGlobalSection
	GlobalSection(NestedProjects) = preSolution
		{88C3885F-F9E0-4872-8F0B-F2FB513E455F} = {827E0CD3-B72D-47B6-A68D-7590B98EB39B}
	EndGlobalSection
EndGlobal
