
Microsoft Visual Studio Solution File, Format Version 12.00
# Visual Studio Version 17
VisualStudioVersion = 17.0.31903.59
MinimumVisualStudioVersion = 10.0.40219.1
Project("{FAE04EC0-301F-11D3-BF4B-00C04F79EFBC}") = "BoltonCup.WebClient.SitemapGenerator", "src\BoltonCup.WebClient.SitemapGenerator.csproj", "{5C4C7F7E-E31D-4652-A6C3-A0B016A1DA80}"
EndProject
Project("{FAE04EC0-301F-11D3-BF4B-00C04F79EFBC}") = "BoltonCup.WebClient", "..\BoltonCup.WebClient\src\BoltonCup.WebClient.csproj", "{AEDEB286-7F7B-418D-93C7-F17C8FCF6C41}"
EndProject
Project("{FAE04EC0-301F-11D3-BF4B-00C04F79EFBC}") = "BoltonCup.Common", "..\BoltonCup.Common\src\BoltonCup.Common.csproj", "{187AEE9E-7E10-48C4-8DEA-05BB1B297F2C}"
EndProject
Project("{FAE04EC0-301F-11D3-BF4B-00C04F79EFBC}") = "BoltonCup.Core", "..\BoltonCup.Core\src\BoltonCup.Core.csproj", "{62CB75D6-59B7-4A91-94FA-E5A519F08619}"
EndProject
Project("{FAE04EC0-301F-11D3-BF4B-00C04F79EFBC}") = "BoltonCup.Shared", "..\BoltonCup.Shared\src\BoltonCup.Shared.csproj", "{181F7631-CD9E-46A5-8ED4-FB22B30FADB0}"
EndProject
Project("{FAE04EC0-301F-11D3-BF4B-00C04F79EFBC}") = "BoltonCup.WebAPI.Client", "..\BoltonCup.WebAPI.Client\src\BoltonCup.WebAPI.Client.csproj", "{E85FA8F7-41C0-4C31-B0C5-CCCAF876D9C9}"
EndProject
Global
	GlobalSection(SolutionConfigurationPlatforms) = preSolution
		Debug|Any CPU = Debug|Any CPU
		Debug|x64 = Debug|x64
		Debug|x86 = Debug|x86
		Release|Any CPU = Release|Any CPU
		Release|x64 = Release|x64
		Release|x86 = Release|x86
	EndGlobalSection
	GlobalSection(ProjectConfigurationPlatforms) = postSolution
		{5C4C7F7E-E31D-4652-A6C3-A0B016A1DA80}.Debug|Any CPU.ActiveCfg = Debug|Any CPU
		{5C4C7F7E-E31D-4652-A6C3-A0B016A1DA80}.Debug|Any CPU.Build.0 = Debug|Any CPU
		{5C4C7F7E-E31D-4652-A6C3-A0B016A1DA80}.Debug|x64.ActiveCfg = Debug|Any CPU
		{5C4C7F7E-E31D-4652-A6C3-A0B016A1DA80}.Debug|x64.Build.0 = Debug|Any CPU
		{5C4C7F7E-E31D-4652-A6C3-A0B016A1DA80}.Debug|x86.ActiveCfg = Debug|Any CPU
		{5C4C7F7E-E31D-4652-A6C3-A0B016A1DA80}.Debug|x86.Build.0 = Debug|Any CPU
		{5C4C7F7E-E31D-4652-A6C3-A0B016A1DA80}.Release|Any CPU.ActiveCfg = Release|Any CPU
		{5C4C7F7E-E31D-4652-A6C3-A0B016A1DA80}.Release|Any CPU.Build.0 = Release|Any CPU
		{5C4C7F7E-E31D-4652-A6C3-A0B016A1DA80}.Release|x64.ActiveCfg = Release|Any CPU
		{5C4C7F7E-E31D-4652-A6C3-A0B016A1DA80}.Release|x64.Build.0 = Release|Any CPU
		{5C4C7F7E-E31D-4652-A6C3-A0B016A1DA80}.Release|x86.ActiveCfg = Release|Any CPU
		{5C4C7F7E-E31D-4652-A6C3-A0B016A1DA80}.Release|x86.Build.0 = Release|Any CPU
		{AEDEB286-7F7B-418D-93C7-F17C8FCF6C41}.Debug|Any CPU.ActiveCfg = Debug|Any CPU
		{AEDEB286-7F7B-418D-93C7-F17C8FCF6C41}.Debug|Any CPU.Build.0 = Debug|Any CPU
		{AEDEB286-7F7B-418D-93C7-F17C8FCF6C41}.Debug|x64.ActiveCfg = Debug|Any CPU
		{AEDEB286-7F7B-418D-93C7-F17C8FCF6C41}.Debug|x64.Build.0 = Debug|Any CPU
		{AEDEB286-7F7B-418D-93C7-F17C8FCF6C41}.Debug|x86.ActiveCfg = Debug|Any CPU
		{AEDEB286-7F7B-418D-93C7-F17C8FCF6C41}.Debug|x86.Build.0 = Debug|Any CPU
		{AEDEB286-7F7B-418D-93C7-F17C8FCF6C41}.Release|Any CPU.ActiveCfg = Release|Any CPU
		{AEDEB286-7F7B-418D-93C7-F17C8FCF6C41}.Release|Any CPU.Build.0 = Release|Any CPU
		{AEDEB286-7F7B-418D-93C7-F17C8FCF6C41}.Release|x64.ActiveCfg = Release|Any CPU
		{AEDEB286-7F7B-418D-93C7-F17C8FCF6C41}.Release|x64.Build.0 = Release|Any CPU
		{AEDEB286-7F7B-418D-93C7-F17C8FCF6C41}.Release|x86.ActiveCfg = Release|Any CPU
		{AEDEB286-7F7B-418D-93C7-F17C8FCF6C41}.Release|x86.Build.0 = Release|Any CPU
		{187AEE9E-7E10-48C4-8DEA-05BB1B297F2C}.Debug|Any CPU.ActiveCfg = Debug|Any CPU
		{187AEE9E-7E10-48C4-8DEA-05BB1B297F2C}.Debug|Any CPU.Build.0 = Debug|Any CPU
		{187AEE9E-7E10-48C4-8DEA-05BB1B297F2C}.Debug|x64.ActiveCfg = Debug|Any CPU
		{187AEE9E-7E10-48C4-8DEA-05BB1B297F2C}.Debug|x64.Build.0 = Debug|Any CPU
		{187AEE9E-7E10-48C4-8DEA-05BB1B297F2C}.Debug|x86.ActiveCfg = Debug|Any CPU
		{187AEE9E-7E10-48C4-8DEA-05BB1B297F2C}.Debug|x86.Build.0 = Debug|Any CPU
		{187AEE9E-7E10-48C4-8DEA-05BB1B297F2C}.Release|Any CPU.ActiveCfg = Release|Any CPU
		{187AEE9E-7E10-48C4-8DEA-05BB1B297F2C}.Release|Any CPU.Build.0 = Release|Any CPU
		{187AEE9E-7E10-48C4-8DEA-05BB1B297F2C}.Release|x64.ActiveCfg = Release|Any CPU
		{187AEE9E-7E10-48C4-8DEA-05BB1B297F2C}.Release|x64.Build.0 = Release|Any CPU
		{187AEE9E-7E10-48C4-8DEA-05BB1B297F2C}.Release|x86.ActiveCfg = Release|Any CPU
		{187AEE9E-7E10-48C4-8DEA-05BB1B297F2C}.Release|x86.Build.0 = Release|Any CPU
		{62CB75D6-59B7-4A91-94FA-E5A519F08619}.Debug|Any CPU.ActiveCfg = Debug|Any CPU
		{62CB75D6-59B7-4A91-94FA-E5A519F08619}.Debug|Any CPU.Build.0 = Debug|Any CPU
		{62CB75D6-59B7-4A91-94FA-E5A519F08619}.Debug|x64.ActiveCfg = Debug|Any CPU
		{62CB75D6-59B7-4A91-94FA-E5A519F08619}.Debug|x64.Build.0 = Debug|Any CPU
		{62CB75D6-59B7-4A91-94FA-E5A519F08619}.Debug|x86.ActiveCfg = Debug|Any CPU
		{62CB75D6-59B7-4A91-94FA-E5A519F08619}.Debug|x86.Build.0 = Debug|Any CPU
		{62CB75D6-59B7-4A91-94FA-E5A519F08619}.Release|Any CPU.ActiveCfg = Release|Any CPU
		{62CB75D6-59B7-4A91-94FA-E5A519F08619}.Release|Any CPU.Build.0 = Release|Any CPU
		{62CB75D6-59B7-4A91-94FA-E5A519F08619}.Release|x64.ActiveCfg = Release|Any CPU
		{62CB75D6-59B7-4A91-94FA-E5A519F08619}.Release|x64.Build.0 = Release|Any CPU
		{62CB75D6-59B7-4A91-94FA-E5A519F08619}.Release|x86.ActiveCfg = Release|Any CPU
		{62CB75D6-59B7-4A91-94FA-E5A519F08619}.Release|x86.Build.0 = Release|Any CPU
		{181F7631-CD9E-46A5-8ED4-FB22B30FADB0}.Debug|Any CPU.ActiveCfg = Debug|Any CPU
		{181F7631-CD9E-46A5-8ED4-FB22B30FADB0}.Debug|Any CPU.Build.0 = Debug|Any CPU
		{181F7631-CD9E-46A5-8ED4-FB22B30FADB0}.Debug|x64.ActiveCfg = Debug|Any CPU
		{181F7631-CD9E-46A5-8ED4-FB22B30FADB0}.Debug|x64.Build.0 = Debug|Any CPU
		{181F7631-CD9E-46A5-8ED4-FB22B30FADB0}.Debug|x86.ActiveCfg = Debug|Any CPU
		{181F7631-CD9E-46A5-8ED4-FB22B30FADB0}.Debug|x86.Build.0 = Debug|Any CPU
		{181F7631-CD9E-46A5-8ED4-FB22B30FADB0}.Release|Any CPU.ActiveCfg = Release|Any CPU
		{181F7631-CD9E-46A5-8ED4-FB22B30FADB0}.Release|Any CPU.Build.0 = Release|Any CPU
		{181F7631-CD9E-46A5-8ED4-FB22B30FADB0}.Release|x64.ActiveCfg = Release|Any CPU
		{181F7631-CD9E-46A5-8ED4-FB22B30FADB0}.Release|x64.Build.0 = Release|Any CPU
		{181F7631-CD9E-46A5-8ED4-FB22B30FADB0}.Release|x86.ActiveCfg = Release|Any CPU
		{181F7631-CD9E-46A5-8ED4-FB22B30FADB0}.Release|x86.Build.0 = Release|Any CPU
		{E85FA8F7-41C0-4C31-B0C5-CCCAF876D9C9}.Debug|Any CPU.ActiveCfg = Debug|Any CPU
		{E85FA8F7-41C0-4C31-B0C5-CCCAF876D9C9}.Debug|Any CPU.Build.0 = Debug|Any CPU
		{E85FA8F7-41C0-4C31-B0C5-CCCAF876D9C9}.Debug|x64.ActiveCfg = Debug|Any CPU
		{E85FA8F7-41C0-4C31-B0C5-CCCAF876D9C9}.Debug|x64.Build.0 = Debug|Any CPU
		{E85FA8F7-41C0-4C31-B0C5-CCCAF876D9C9}.Debug|x86.ActiveCfg = Debug|Any CPU
		{E85FA8F7-41C0-4C31-B0C5-CCCAF876D9C9}.Debug|x86.Build.0 = Debug|Any CPU
		{E85FA8F7-41C0-4C31-B0C5-CCCAF876D9C9}.Release|Any CPU.ActiveCfg = Release|Any CPU
		{E85FA8F7-41C0-4C31-B0C5-CCCAF876D9C9}.Release|Any CPU.Build.0 = Release|Any CPU
		{E85FA8F7-41C0-4C31-B0C5-CCCAF876D9C9}.Release|x64.ActiveCfg = Release|Any CPU
		{E85FA8F7-41C0-4C31-B0C5-CCCAF876D9C9}.Release|x64.Build.0 = Release|Any CPU
		{E85FA8F7-41C0-4C31-B0C5-CCCAF876D9C9}.Release|x86.ActiveCfg = Release|Any CPU
		{E85FA8F7-41C0-4C31-B0C5-CCCAF876D9C9}.Release|x86.Build.0 = Release|Any CPU
	EndGlobalSection
	GlobalSection(SolutionProperties) = preSolution
		HideSolutionNode = FALSE
	EndGlobalSection
EndGlobal
