
Microsoft Visual Studio Solution File, Format Version 12.00
# Visual Studio Version 17
VisualStudioVersion = 17.0.31903.59
MinimumVisualStudioVersion = 10.0.40219.1
Project("{FAE04EC0-301F-11D3-BF4B-00C04F79EFBC}") = "BoltonCup.Admin", "BoltonCup.Admin\src\BoltonCup.Admin.csproj", "{76888F4C-A80A-4BCD-8A80-42244AE22BA4}"
EndProject
Project("{FAE04EC0-301F-11D3-BF4B-00C04F79EFBC}") = "BoltonCup.Common", "BoltonCup.Common\src\BoltonCup.Common.csproj", "{AEF64809-1B34-432E-9522-8C6CC8CB3A4A}"
EndProject
Project("{FAE04EC0-301F-11D3-BF4B-00C04F79EFBC}") = "BoltonCup.Core", "BoltonCup.Core\src\BoltonCup.Core.csproj", "{21D39F43-5132-4A19-9A75-3DD97508B864}"
EndProject
Project("{FAE04EC0-301F-11D3-BF4B-00C04F79EFBC}") = "BoltonCup.Shared", "BoltonCup.Shared\src\BoltonCup.Shared.csproj", "{B1A41479-297C-4EE5-8791-B7A58BF81F25}"
EndProject
Project("{FAE04EC0-301F-11D3-BF4B-00C04F79EFBC}") = "BoltonCup.WebAPI.Client", "BoltonCup.WebAPI.Client\src\BoltonCup.WebAPI.Client.csproj", "{29491E5F-A3BA-4C0D-8BDE-359473CB88E0}"
EndProject
Project("{FAE04EC0-301F-11D3-BF4B-00C04F79EFBC}") = "BoltonCup.Application", "BoltonCup.Application\src\BoltonCup.Application.csproj", "{3586F54D-8F99-4F3A-9DDF-C11D254FE20B}"
EndProject
Project("{FAE04EC0-301F-11D3-BF4B-00C04F79EFBC}") = "BoltonCup.Integrations", "BoltonCup.Integrations\src\BoltonCup.Integrations.csproj", "{CE60A460-B7C8-4E2C-9606-A87CE542F432}"
EndProject
Project("{FAE04EC0-301F-11D3-BF4B-00C04F79EFBC}") = "BoltonCup.Persistence", "BoltonCup.Persistence\src\BoltonCup.Persistence.csproj", "{EE53E29A-28F8-4409-9ED5-3057DC7AED5E}"
EndProject
Project("{FAE04EC0-301F-11D3-BF4B-00C04F79EFBC}") = "BoltonCup.SessionStorage", "BoltonCup.SessionStorage\src\BoltonCup.SessionStorage.csproj", "{5C59428F-8753-45D2-8A8B-A34CC88215DB}"
EndProject
Project("{FAE04EC0-301F-11D3-BF4B-00C04F79EFBC}") = "BoltonCup.Auth", "BoltonCup.Auth\src\BoltonCup.Auth.csproj", "{50F3AD4F-09C4-447B-9088-5B29B22D5518}"
EndProject
Project("{FAE04EC0-301F-11D3-BF4B-00C04F79EFBC}") = "BoltonCup.Draft", "BoltonCup.Draft\src\BoltonCup.Draft.csproj", "{9B3818CF-5533-41F7-8F01-614BD0A86DA2}"
EndProject
Project("{FAE04EC0-301F-11D3-BF4B-00C04F79EFBC}") = "BoltonCup.Timekeeper", "BoltonCup.Timekeeper\src\BoltonCup.Timekeeper.csproj", "{470B8475-C16F-448D-8546-4E8A04DC50C7}"
EndProject
Project("{FAE04EC0-301F-11D3-BF4B-00C04F79EFBC}") = "BoltonCup.WebAPI", "BoltonCup.WebAPI\src\BoltonCup.WebAPI.csproj", "{B87B343A-A158-41DA-9726-83A6182C93FD}"
EndProject
Project("{FAE04EC0-301F-11D3-BF4B-00C04F79EFBC}") = "BoltonCup.WebClient", "BoltonCup.WebClient\src\BoltonCup.WebClient.csproj", "{5DB478A3-5CF4-419A-872A-AE09152B450B}"
EndProject
Project("{FAE04EC0-301F-11D3-BF4B-00C04F79EFBC}") = "BoltonCup.WebClient.SitemapGenerator", "BoltonCup.WebClient.SitemapGenerator\src\BoltonCup.WebClient.SitemapGenerator.csproj", "{0E7872A2-7C8A-41F9-9FA9-F34B7CA9E301}"
EndProject
Project("{FAE04EC0-301F-11D3-BF4B-00C04F79EFBC}") = "BoltonCup.WebAPI.Tests", "BoltonCup.WebAPI\tests\BoltonCup.WebAPI.Tests.csproj", "{BFC890E3-585C-41E5-A64B-3891513E8C60}"
EndProject
Project("{FAE04EC0-301F-11D3-BF4B-00C04F79EFBC}") = "BoltonCup.Application.Tests", "BoltonCup.Application\tests\BoltonCup.Application.Tests.csproj", "{76BB04A7-87D7-404E-89B3-DB70536A7602}"
EndProject
Global
	GlobalSection(SolutionConfigurationPlatforms) = preSolution
		Debug|Any CPU = Debug|Any CPU
		Debug|x64 = Debug|x64
		Debug|x86 = Debug|x86
		Release|Any CPU = Release|Any CPU
		Release|x64 = Release|x64
		Release|x86 = Release|x86
	EndGlobalSection
	GlobalSection(ProjectConfigurationPlatforms) = postSolution
		{76888F4C-A80A-4BCD-8A80-42244AE22BA4}.Debug|Any CPU.ActiveCfg = Debug|Any CPU
		{76888F4C-A80A-4BCD-8A80-42244AE22BA4}.Debug|Any CPU.Build.0 = Debug|Any CPU
		{76888F4C-A80A-4BCD-8A80-42244AE22BA4}.Debug|x64.ActiveCfg = Debug|Any CPU
		{76888F4C-A80A-4BCD-8A80-42244AE22BA4}.Debug|x64.Build.0 = Debug|Any CPU
		{76888F4C-A80A-4BCD-8A80-42244AE22BA4}.Debug|x86.ActiveCfg = Debug|Any CPU
		{76888F4C-A80A-4BCD-8A80-42244AE22BA4}.Debug|x86.Build.0 = Debug|Any CPU
		{76888F4C-A80A-4BCD-8A80-42244AE22BA4}.Release|Any CPU.ActiveCfg = Release|Any CPU
		{76888F4C-A80A-4BCD-8A80-42244AE22BA4}.Release|Any CPU.Build.0 = Release|Any CPU
		{76888F4C-A80A-4BCD-8A80-42244AE22BA4}.Release|x64.ActiveCfg = Release|Any CPU
		{76888F4C-A80A-4BCD-8A80-42244AE22BA4}.Release|x64.Build.0 = Release|Any CPU
		{76888F4C-A80A-4BCD-8A80-42244AE22BA4}.Release|x86.ActiveCfg = Release|Any CPU
		{76888F4C-A80A-4BCD-8A80-42244AE22BA4}.Release|x86.Build.0 = Release|Any CPU
		{AEF64809-1B34-432E-9522-8C6CC8CB3A4A}.Debug|Any CPU.ActiveCfg = Debug|Any CPU
		{AEF64809-1B34-432E-9522-8C6CC8CB3A4A}.Debug|Any CPU.Build.0 = Debug|Any CPU
		{AEF64809-1B34-432E-9522-8C6CC8CB3A4A}.Debug|x64.ActiveCfg = Debug|Any CPU
		{AEF64809-1B34-432E-9522-8C6CC8CB3A4A}.Debug|x64.Build.0 = Debug|Any CPU
		{AEF64809-1B34-432E-9522-8C6CC8CB3A4A}.Debug|x86.ActiveCfg = Debug|Any CPU
		{AEF64809-1B34-432E-9522-8C6CC8CB3A4A}.Debug|x86.Build.0 = Debug|Any CPU
		{AEF64809-1B34-432E-9522-8C6CC8CB3A4A}.Release|Any CPU.ActiveCfg = Release|Any CPU
		{AEF64809-1B34-432E-9522-8C6CC8CB3A4A}.Release|Any CPU.Build.0 = Release|Any CPU
		{AEF64809-1B34-432E-9522-8C6CC8CB3A4A}.Release|x64.ActiveCfg = Release|Any CPU
		{AEF64809-1B34-432E-9522-8C6CC8CB3A4A}.Release|x64.Build.0 = Release|Any CPU
		{AEF64809-1B34-432E-9522-8C6CC8CB3A4A}.Release|x86.ActiveCfg = Release|Any CPU
		{AEF64809-1B34-432E-9522-8C6CC8CB3A4A}.Release|x86.Build.0 = Release|Any CPU
		{21D39F43-5132-4A19-9A75-3DD97508B864}.Debug|Any CPU.ActiveCfg = Debug|Any CPU
		{21D39F43-5132-4A19-9A75-3DD97508B864}.Debug|Any CPU.Build.0 = Debug|Any CPU
		{21D39F43-5132-4A19-9A75-3DD97508B864}.Debug|x64.ActiveCfg = Debug|Any CPU
		{21D39F43-5132-4A19-9A75-3DD97508B864}.Debug|x64.Build.0 = Debug|Any CPU
		{21D39F43-5132-4A19-9A75-3DD97508B864}.Debug|x86.ActiveCfg = Debug|Any CPU
		{21D39F43-5132-4A19-9A75-3DD97508B864}.Debug|x86.Build.0 = Debug|Any CPU
		{21D39F43-5132-4A19-9A75-3DD97508B864}.Release|Any CPU.ActiveCfg = Release|Any CPU
		{21D39F43-5132-4A19-9A75-3DD97508B864}.Release|Any CPU.Build.0 = Release|Any CPU
		{21D39F43-5132-4A19-9A75-3DD97508B864}.Release|x64.ActiveCfg = Release|Any CPU
		{21D39F43-5132-4A19-9A75-3DD97508B864}.Release|x64.Build.0 = Release|Any CPU
		{21D39F43-5132-4A19-9A75-3DD97508B864}.Release|x86.ActiveCfg = Release|Any CPU
		{21D39F43-5132-4A19-9A75-3DD97508B864}.Release|x86.Build.0 = Release|Any CPU
		{B1A41479-297C-4EE5-8791-B7A58BF81F25}.Debug|Any CPU.ActiveCfg = Debug|Any CPU
		{B1A41479-297C-4EE5-8791-B7A58BF81F25}.Debug|Any CPU.Build.0 = Debug|Any CPU
		{B1A41479-297C-4EE5-8791-B7A58BF81F25}.Debug|x64.ActiveCfg = Debug|Any CPU
		{B1A41479-297C-4EE5-8791-B7A58BF81F25}.Debug|x64.Build.0 = Debug|Any CPU
		{B1A41479-297C-4EE5-8791-B7A58BF81F25}.Debug|x86.ActiveCfg = Debug|Any CPU
		{B1A41479-297C-4EE5-8791-B7A58BF81F25}.Debug|x86.Build.0 = Debug|Any CPU
		{B1A41479-297C-4EE5-8791-B7A58BF81F25}.Release|Any CPU.ActiveCfg = Release|Any CPU
		{B1A41479-297C-4EE5-8791-B7A58BF81F25}.Release|Any CPU.Build.0 = Release|Any CPU
		{B1A41479-297C-4EE5-8791-B7A58BF81F25}.Release|x64.ActiveCfg = Release|Any CPU
		{B1A41479-297C-4EE5-8791-B7A58BF81F25}.Release|x64.Build.0 = Release|Any CPU
		{B1A41479-297C-4EE5-8791-B7A58BF81F25}.Release|x86.ActiveCfg = Release|Any CPU
		{B1A41479-297C-4EE5-8791-B7A58BF81F25}.Release|x86.Build.0 = Release|Any CPU
		{29491E5F-A3BA-4C0D-8BDE-359473CB88E0}.Debug|Any CPU.ActiveCfg = Debug|Any CPU
		{29491E5F-A3BA-4C0D-8BDE-359473CB88E0}.Debug|Any CPU.Build.0 = Debug|Any CPU
		{29491E5F-A3BA-4C0D-8BDE-359473CB88E0}.Debug|x64.ActiveCfg = Debug|Any CPU
		{29491E5F-A3BA-4C0D-8BDE-359473CB88E0}.Debug|x64.Build.0 = Debug|Any CPU
		{29491E5F-A3BA-4C0D-8BDE-359473CB88E0}.Debug|x86.ActiveCfg = Debug|Any CPU
		{29491E5F-A3BA-4C0D-8BDE-359473CB88E0}.Debug|x86.Build.0 = Debug|Any CPU
		{29491E5F-A3BA-4C0D-8BDE-359473CB88E0}.Release|Any CPU.ActiveCfg = Release|Any CPU
		{29491E5F-A3BA-4C0D-8BDE-359473CB88E0}.Release|Any CPU.Build.0 = Release|Any CPU
		{29491E5F-A3BA-4C0D-8BDE-359473CB88E0}.Release|x64.ActiveCfg = Release|Any CPU
		{29491E5F-A3BA-4C0D-8BDE-359473CB88E0}.Release|x64.Build.0 = Release|Any CPU
		{29491E5F-A3BA-4C0D-8BDE-359473CB88E0}.Release|x86.ActiveCfg = Release|Any CPU
		{29491E5F-A3BA-4C0D-8BDE-359473CB88E0}.Release|x86.Build.0 = Release|Any CPU
		{3586F54D-8F99-4F3A-9DDF-C11D254FE20B}.Debug|Any CPU.ActiveCfg = Debug|Any CPU
		{3586F54D-8F99-4F3A-9DDF-C11D254FE20B}.Debug|Any CPU.Build.0 = Debug|Any CPU
		{3586F54D-8F99-4F3A-9DDF-C11D254FE20B}.Debug|x64.ActiveCfg = Debug|Any CPU
		{3586F54D-8F99-4F3A-9DDF-C11D254FE20B}.Debug|x64.Build.0 = Debug|Any CPU
		{3586F54D-8F99-4F3A-9DDF-C11D254FE20B}.Debug|x86.ActiveCfg = Debug|Any CPU
		{3586F54D-8F99-4F3A-9DDF-C11D254FE20B}.Debug|x86.Build.0 = Debug|Any CPU
		{3586F54D-8F99-4F3A-9DDF-C11D254FE20B}.Release|Any CPU.ActiveCfg = Release|Any CPU
		{3586F54D-8F99-4F3A-9DDF-C11D254FE20B}.Release|Any CPU.Build.0 = Release|Any CPU
		{3586F54D-8F99-4F3A-9DDF-C11D254FE20B}.Release|x64.ActiveCfg = Release|Any CPU
		{3586F54D-8F99-4F3A-9DDF-C11D254FE20B}.Release|x64.Build.0 = Release|Any CPU
		{3586F54D-8F99-4F3A-9DDF-C11D254FE20B}.Release|x86.ActiveCfg = Release|Any CPU
		{3586F54D-8F99-4F3A-9DDF-C11D254FE20B}.Release|x86.Build.0 = Release|Any CPU
		{CE60A460-B7C8-4E2C-9606-A87CE542F432}.Debug|Any CPU.ActiveCfg = Debug|Any CPU
		{CE60A460-B7C8-4E2C-9606-A87CE542F432}.Debug|Any CPU.Build.0 = Debug|Any CPU
		{CE60A460-B7C8-4E2C-9606-A87CE542F432}.Debug|x64.ActiveCfg = Debug|Any CPU
		{CE60A460-B7C8-4E2C-9606-A87CE542F432}.Debug|x64.Build.0 = Debug|Any CPU
		{CE60A460-B7C8-4E2C-9606-A87CE542F432}.Debug|x86.ActiveCfg = Debug|Any CPU
		{CE60A460-B7C8-4E2C-9606-A87CE542F432}.Debug|x86.Build.0 = Debug|Any CPU
		{CE60A460-B7C8-4E2C-9606-A87CE542F432}.Release|Any CPU.ActiveCfg = Release|Any CPU
		{CE60A460-B7C8-4E2C-9606-A87CE542F432}.Release|Any CPU.Build.0 = Release|Any CPU
		{CE60A460-B7C8-4E2C-9606-A87CE542F432}.Release|x64.ActiveCfg = Release|Any CPU
		{CE60A460-B7C8-4E2C-9606-A87CE542F432}.Release|x64.Build.0 = Release|Any CPU
		{CE60A460-B7C8-4E2C-9606-A87CE542F432}.Release|x86.ActiveCfg = Release|Any CPU
		{CE60A460-B7C8-4E2C-9606-A87CE542F432}.Release|x86.Build.0 = Release|Any CPU
		{EE53E29A-28F8-4409-9ED5-3057DC7AED5E}.Debug|Any CPU.ActiveCfg = Debug|Any CPU
		{EE53E29A-28F8-4409-9ED5-3057DC7AED5E}.Debug|Any CPU.Build.0 = Debug|Any CPU
		{EE53E29A-28F8-4409-9ED5-3057DC7AED5E}.Debug|x64.ActiveCfg = Debug|Any CPU
		{EE53E29A-28F8-4409-9ED5-3057DC7AED5E}.Debug|x64.Build.0 = Debug|Any CPU
		{EE53E29A-28F8-4409-9ED5-3057DC7AED5E}.Debug|x86.ActiveCfg = Debug|Any CPU
		{EE53E29A-28F8-4409-9ED5-3057DC7AED5E}.Debug|x86.Build.0 = Debug|Any CPU
		{EE53E29A-28F8-4409-9ED5-3057DC7AED5E}.Release|Any CPU.ActiveCfg = Release|Any CPU
		{EE53E29A-28F8-4409-9ED5-3057DC7AED5E}.Release|Any CPU.Build.0 = Release|Any CPU
		{EE53E29A-28F8-4409-9ED5-3057DC7AED5E}.Release|x64.ActiveCfg = Release|Any CPU
		{EE53E29A-28F8-4409-9ED5-3057DC7AED5E}.Release|x64.Build.0 = Release|Any CPU
		{EE53E29A-28F8-4409-9ED5-3057DC7AED5E}.Release|x86.ActiveCfg = Release|Any CPU
		{EE53E29A-28F8-4409-9ED5-3057DC7AED5E}.Release|x86.Build.0 = Release|Any CPU
		{5C59428F-8753-45D2-8A8B-A34CC88215DB}.Debug|Any CPU.ActiveCfg = Debug|Any CPU
		{5C59428F-8753-45D2-8A8B-A34CC88215DB}.Debug|Any CPU.Build.0 = Debug|Any CPU
		{5C59428F-8753-45D2-8A8B-A34CC88215DB}.Debug|x64.ActiveCfg = Debug|Any CPU
		{5C59428F-8753-45D2-8A8B-A34CC88215DB}.Debug|x64.Build.0 = Debug|Any CPU
		{5C59428F-8753-45D2-8A8B-A34CC88215DB}.Debug|x86.ActiveCfg = Debug|Any CPU
		{5C59428F-8753-45D2-8A8B-A34CC88215DB}.Debug|x86.Build.0 = Debug|Any CPU
		{5C59428F-8753-45D2-8A8B-A34CC88215DB}.Release|Any CPU.ActiveCfg = Release|Any CPU
		{5C59428F-8753-45D2-8A8B-A34CC88215DB}.Release|Any CPU.Build.0 = Release|Any CPU
		{5C59428F-8753-45D2-8A8B-A34CC88215DB}.Release|x64.ActiveCfg = Release|Any CPU
		{5C59428F-8753-45D2-8A8B-A34CC88215DB}.Release|x64.Build.0 = Release|Any CPU
		{5C59428F-8753-45D2-8A8B-A34CC88215DB}.Release|x86.ActiveCfg = Release|Any CPU
		{5C59428F-8753-45D2-8A8B-A34CC88215DB}.Release|x86.Build.0 = Release|Any CPU
		{50F3AD4F-09C4-447B-9088-5B29B22D5518}.Debug|Any CPU.ActiveCfg = Debug|Any CPU
		{50F3AD4F-09C4-447B-9088-5B29B22D5518}.Debug|Any CPU.Build.0 = Debug|Any CPU
		{50F3AD4F-09C4-447B-9088-5B29B22D5518}.Debug|x64.ActiveCfg = Debug|Any CPU
		{50F3AD4F-09C4-447B-9088-5B29B22D5518}.Debug|x64.Build.0 = Debug|Any CPU
		{50F3AD4F-09C4-447B-9088-5B29B22D5518}.Debug|x86.ActiveCfg = Debug|Any CPU
		{50F3AD4F-09C4-447B-9088-5B29B22D5518}.Debug|x86.Build.0 = Debug|Any CPU
		{50F3AD4F-09C4-447B-9088-5B29B22D5518}.Release|Any CPU.ActiveCfg = Release|Any CPU
		{50F3AD4F-09C4-447B-9088-5B29B22D5518}.Release|Any CPU.Build.0 = Release|Any CPU
		{50F3AD4F-09C4-447B-9088-5B29B22D5518}.Release|x64.ActiveCfg = Release|Any CPU
		{50F3AD4F-09C4-447B-9088-5B29B22D5518}.Release|x64.Build.0 = Release|Any CPU
		{50F3AD4F-09C4-447B-9088-5B29B22D5518}.Release|x86.ActiveCfg = Release|Any CPU
		{50F3AD4F-09C4-447B-9088-5B29B22D5518}.Release|x86.Build.0 = Release|Any CPU
		{9B3818CF-5533-41F7-8F01-614BD0A86DA2}.Debug|Any CPU.ActiveCfg = Debug|Any CPU
		{9B3818CF-5533-41F7-8F01-614BD0A86DA2}.Debug|Any CPU.Build.0 = Debug|Any CPU
		{9B3818CF-5533-41F7-8F01-614BD0A86DA2}.Debug|x64.ActiveCfg = Debug|Any CPU
		{9B3818CF-5533-41F7-8F01-614BD0A86DA2}.Debug|x64.Build.0 = Debug|Any CPU
		{9B3818CF-5533-41F7-8F01-614BD0A86DA2}.Debug|x86.ActiveCfg = Debug|Any CPU
		{9B3818CF-5533-41F7-8F01-614BD0A86DA2}.Debug|x86.Build.0 = Debug|Any CPU
		{9B3818CF-5533-41F7-8F01-614BD0A86DA2}.Release|Any CPU.ActiveCfg = Release|Any CPU
		{9B3818CF-5533-41F7-8F01-614BD0A86DA2}.Release|Any CPU.Build.0 = Release|Any CPU
		{9B3818CF-5533-41F7-8F01-614BD0A86DA2}.Release|x64.ActiveCfg = Release|Any CPU
		{9B3818CF-5533-41F7-8F01-614BD0A86DA2}.Release|x64.Build.0 = Release|Any CPU
		{9B3818CF-5533-41F7-8F01-614BD0A86DA2}.Release|x86.ActiveCfg = Release|Any CPU
		{9B3818CF-5533-41F7-8F01-614BD0A86DA2}.Release|x86.Build.0 = Release|Any CPU
		{470B8475-C16F-448D-8546-4E8A04DC50C7}.Debug|Any CPU.ActiveCfg = Debug|Any CPU
		{470B8475-C16F-448D-8546-4E8A04DC50C7}.Debug|Any CPU.Build.0 = Debug|Any CPU
		{470B8475-C16F-448D-8546-4E8A04DC50C7}.Debug|x64.ActiveCfg = Debug|Any CPU
		{470B8475-C16F-448D-8546-4E8A04DC50C7}.Debug|x64.Build.0 = Debug|Any CPU
		{470B8475-C16F-448D-8546-4E8A04DC50C7}.Debug|x86.ActiveCfg = Debug|Any CPU
		{470B8475-C16F-448D-8546-4E8A04DC50C7}.Debug|x86.Build.0 = Debug|Any CPU
		{470B8475-C16F-448D-8546-4E8A04DC50C7}.Release|Any CPU.ActiveCfg = Release|Any CPU
		{470B8475-C16F-448D-8546-4E8A04DC50C7}.Release|Any CPU.Build.0 = Release|Any CPU
		{470B8475-C16F-448D-8546-4E8A04DC50C7}.Release|x64.ActiveCfg = Release|Any CPU
		{470B8475-C16F-448D-8546-4E8A04DC50C7}.Release|x64.Build.0 = Release|Any CPU
		{470B8475-C16F-448D-8546-4E8A04DC50C7}.Release|x86.ActiveCfg = Release|Any CPU
		{470B8475-C16F-448D-8546-4E8A04DC50C7}.Release|x86.Build.0 = Release|Any CPU
		{B87B343A-A158-41DA-9726-83A6182C93FD}.Debug|Any CPU.ActiveCfg = Debug|Any CPU
		{B87B343A-A158-41DA-9726-83A6182C93FD}.Debug|Any CPU.Build.0 = Debug|Any CPU
		{B87B343A-A158-41DA-9726-83A6182C93FD}.Debug|x64.ActiveCfg = Debug|Any CPU
		{B87B343A-A158-41DA-9726-83A6182C93FD}.Debug|x64.Build.0 = Debug|Any CPU
		{B87B343A-A158-41DA-9726-83A6182C93FD}.Debug|x86.ActiveCfg = Debug|Any CPU
		{B87B343A-A158-41DA-9726-83A6182C93FD}.Debug|x86.Build.0 = Debug|Any CPU
		{B87B343A-A158-41DA-9726-83A6182C93FD}.Release|Any CPU.ActiveCfg = Release|Any CPU
		{B87B343A-A158-41DA-9726-83A6182C93FD}.Release|Any CPU.Build.0 = Release|Any CPU
		{B87B343A-A158-41DA-9726-83A6182C93FD}.Release|x64.ActiveCfg = Release|Any CPU
		{B87B343A-A158-41DA-9726-83A6182C93FD}.Release|x64.Build.0 = Release|Any CPU
		{B87B343A-A158-41DA-9726-83A6182C93FD}.Release|x86.ActiveCfg = Release|Any CPU
		{B87B343A-A158-41DA-9726-83A6182C93FD}.Release|x86.Build.0 = Release|Any CPU
		{5DB478A3-5CF4-419A-872A-AE09152B450B}.Debug|Any CPU.ActiveCfg = Debug|Any CPU
		{5DB478A3-5CF4-419A-872A-AE09152B450B}.Debug|Any CPU.Build.0 = Debug|Any CPU
		{5DB478A3-5CF4-419A-872A-AE09152B450B}.Debug|x64.ActiveCfg = Debug|Any CPU
		{5DB478A3-5CF4-419A-872A-AE09152B450B}.Debug|x64.Build.0 = Debug|Any CPU
		{5DB478A3-5CF4-419A-872A-AE09152B450B}.Debug|x86.ActiveCfg = Debug|Any CPU
		{5DB478A3-5CF4-419A-872A-AE09152B450B}.Debug|x86.Build.0 = Debug|Any CPU
		{5DB478A3-5CF4-419A-872A-AE09152B450B}.Release|Any CPU.ActiveCfg = Release|Any CPU
		{5DB478A3-5CF4-419A-872A-AE09152B450B}.Release|Any CPU.Build.0 = Release|Any CPU
		{5DB478A3-5CF4-419A-872A-AE09152B450B}.Release|x64.ActiveCfg = Release|Any CPU
		{5DB478A3-5CF4-419A-872A-AE09152B450B}.Release|x64.Build.0 = Release|Any CPU
		{5DB478A3-5CF4-419A-872A-AE09152B450B}.Release|x86.ActiveCfg = Release|Any CPU
		{5DB478A3-5CF4-419A-872A-AE09152B450B}.Release|x86.Build.0 = Release|Any CPU
		{0E7872A2-7C8A-41F9-9FA9-F34B7CA9E301}.Debug|Any CPU.ActiveCfg = Debug|Any CPU
		{0E7872A2-7C8A-41F9-9FA9-F34B7CA9E301}.Debug|Any CPU.Build.0 = Debug|Any CPU
		{0E7872A2-7C8A-41F9-9FA9-F34B7CA9E301}.Debug|x64.ActiveCfg = Debug|Any CPU
		{0E7872A2-7C8A-41F9-9FA9-F34B7CA9E301}.Debug|x64.Build.0 = Debug|Any CPU
		{0E7872A2-7C8A-41F9-9FA9-F34B7CA9E301}.Debug|x86.ActiveCfg = Debug|Any CPU
		{0E7872A2-7C8A-41F9-9FA9-F34B7CA9E301}.Debug|x86.Build.0 = Debug|Any CPU
		{0E7872A2-7C8A-41F9-9FA9-F34B7CA9E301}.Release|Any CPU.ActiveCfg = Release|Any CPU
		{0E7872A2-7C8A-41F9-9FA9-F34B7CA9E301}.Release|Any CPU.Build.0 = Release|Any CPU
		{0E7872A2-7C8A-41F9-9FA9-F34B7CA9E301}.Release|x64.ActiveCfg = Release|Any CPU
		{0E7872A2-7C8A-41F9-9FA9-F34B7CA9E301}.Release|x64.Build.0 = Release|Any CPU
		{0E7872A2-7C8A-41F9-9FA9-F34B7CA9E301}.Release|x86.ActiveCfg = Release|Any CPU
		{0E7872A2-7C8A-41F9-9FA9-F34B7CA9E301}.Release|x86.Build.0 = Release|Any CPU
		{BFC890E3-585C-41E5-A64B-3891513E8C60}.Debug|Any CPU.ActiveCfg = Debug|Any CPU
		{BFC890E3-585C-41E5-A64B-3891513E8C60}.Debug|Any CPU.Build.0 = Debug|Any CPU
		{BFC890E3-585C-41E5-A64B-3891513E8C60}.Debug|x64.ActiveCfg = Debug|Any CPU
		{BFC890E3-585C-41E5-A64B-3891513E8C60}.Debug|x64.Build.0 = Debug|Any CPU
		{BFC890E3-585C-41E5-A64B-3891513E8C60}.Debug|x86.ActiveCfg = Debug|Any CPU
		{BFC890E3-585C-41E5-A64B-3891513E8C60}.Debug|x86.Build.0 = Debug|Any CPU
		{BFC890E3-585C-41E5-A64B-3891513E8C60}.Release|Any CPU.ActiveCfg = Release|Any CPU
		{BFC890E3-585C-41E5-A64B-3891513E8C60}.Release|Any CPU.Build.0 = Release|Any CPU
		{BFC890E3-585C-41E5-A64B-3891513E8C60}.Release|x64.ActiveCfg = Release|Any CPU
		{BFC890E3-585C-41E5-A64B-3891513E8C60}.Release|x64.Build.0 = Release|Any CPU
		{BFC890E3-585C-41E5-A64B-3891513E8C60}.Release|x86.ActiveCfg = Release|Any CPU
		{BFC890E3-585C-41E5-A64B-3891513E8C60}.Release|x86.Build.0 = Release|Any CPU
		{76BB04A7-87D7-404E-89B3-DB70536A7602}.Debug|Any CPU.ActiveCfg = Debug|Any CPU
		{76BB04A7-87D7-404E-89B3-DB70536A7602}.Debug|Any CPU.Build.0 = Debug|Any CPU
		{76BB04A7-87D7-404E-89B3-DB70536A7602}.Debug|x64.ActiveCfg = Debug|Any CPU
		{76BB04A7-87D7-404E-89B3-DB70536A7602}.Debug|x64.Build.0 = Debug|Any CPU
		{76BB04A7-87D7-404E-89B3-DB70536A7602}.Debug|x86.ActiveCfg = Debug|Any CPU
		{76BB04A7-87D7-404E-89B3-DB70536A7602}.Debug|x86.Build.0 = Debug|Any CPU
		{76BB04A7-87D7-404E-89B3-DB70536A7602}.Release|Any CPU.ActiveCfg = Release|Any CPU
		{76BB04A7-87D7-404E-89B3-DB70536A7602}.Release|Any CPU.Build.0 = Release|Any CPU
		{76BB04A7-87D7-404E-89B3-DB70536A7602}.Release|x64.ActiveCfg = Release|Any CPU
		{76BB04A7-87D7-404E-89B3-DB70536A7602}.Release|x64.Build.0 = Release|Any CPU
		{76BB04A7-87D7-404E-89B3-DB70536A7602}.Release|x86.ActiveCfg = Release|Any CPU
		{76BB04A7-87D7-404E-89B3-DB70536A7602}.Release|x86.Build.0 = Release|Any CPU
	EndGlobalSection
	GlobalSection(SolutionProperties) = preSolution
		HideSolutionNode = FALSE
	EndGlobalSection
EndGlobal
