
Microsoft Visual Studio Solution File, Format Version 12.00
# Visual Studio Version 17
VisualStudioVersion = 17.0.31903.59
MinimumVisualStudioVersion = 10.0.40219.1
Project("{2150E333-8FDC-42A3-9474-1A3956D46DE8}") = "BoltonCup.Admin", "BoltonCup.Admin", "{74000FED-0C3B-CF69-F324-60F8C8D4181D}"
EndProject
Project("{2150E333-8FDC-42A3-9474-1A3956D46DE8}") = "src", "src", "{F186FA80-6982-2C33-204A-F713CF039D95}"
EndProject
Project("{FAE04EC0-301F-11D3-BF4B-00C04F79EFBC}") = "BoltonCup.Admin", "BoltonCup.Admin\src\BoltonCup.Admin.csproj", "{76888F4C-A80A-4BCD-8A80-42244AE22BA4}"
EndProject
Project("{2150E333-8FDC-42A3-9474-1A3956D46DE8}") = "BoltonCup.Common", "BoltonCup.Common", "{351F0CB2-9081-D593-B049-D5B17D146AC2}"
EndProject
Project("{2150E333-8FDC-42A3-9474-1A3956D46DE8}") = "src", "src", "{52E8960A-938E-8610-47D8-399795F84D4B}"
EndProject
Project("{FAE04EC0-301F-11D3-BF4B-00C04F79EFBC}") = "BoltonCup.Common", "BoltonCup.Common\src\BoltonCup.Common.csproj", "{AEF64809-1B34-432E-9522-8C6CC8CB3A4A}"
EndProject
Project("{2150E333-8FDC-42A3-9474-1A3956D46DE8}") = "BoltonCup.Core", "BoltonCup.Core", "{6113551E-33D1-39BB-333A-D70622370946}"
EndProject
Project("{2150E333-8FDC-42A3-9474-1A3956D46DE8}") = "src", "src", "{AE7BA8A7-8D06-7E6F-21D8-9530D71F12C0}"
EndProject
Project("{FAE04EC0-301F-11D3-BF4B-00C04F79EFBC}") = "BoltonCup.Core", "BoltonCup.Core\src\BoltonCup.Core.csproj", "{21D39F43-5132-4A19-9A75-3DD97508B864}"
EndProject
Project("{2150E333-8FDC-42A3-9474-1A3956D46DE8}") = "BoltonCup.Shared", "BoltonCup.Shared", "{56736353-2C22-6294-7651-BA8D04E7C5AF}"
EndProject
Project("{2150E333-8FDC-42A3-9474-1A3956D46DE8}") = "src", "src", "{E118D324-2404-DB2B-FAD3-AAF42539A5C9}"
EndProject
Project("{FAE04EC0-301F-11D3-BF4B-00C04F79EFBC}") = "BoltonCup.Shared", "BoltonCup.Shared\src\BoltonCup.Shared.csproj", "{B1A41479-297C-4EE5-8791-B7A58BF81F25}"
EndProject
Project("{2150E333-8FDC-42A3-9474-1A3956D46DE8}") = "BoltonCup.WebAPI.Client", "BoltonCup.WebAPI.Client", "{85A730F8-66C0-2880-161D-D079320740C9}"
EndProject
Project("{2150E333-8FDC-42A3-9474-1A3956D46DE8}") = "src", "src", "{C1A6167D-0EAA-C942-529B-A47F63BBDF7D}"
EndProject
Project("{FAE04EC0-301F-11D3-BF4B-00C04F79EFBC}") = "BoltonCup.WebAPI.Client", "BoltonCup.WebAPI.Client\src\BoltonCup.WebAPI.Client.csproj", "{29491E5F-A3BA-4C0D-8BDE-359473CB88E0}"
EndProject
Project("{2150E333-8FDC-42A3-9474-1A3956D46DE8}") = "BoltonCup.Application", "BoltonCup.Application", "{B9B038B0-2A4C-2597-F103-31960B020EF1}"
EndProject
Project("{2150E333-8FDC-42A3-9474-1A3956D46DE8}") = "src", "src", "{CD040B39-DC41-72BB-ED4D-A28C547106BA}"
EndProject
Project("{FAE04EC0-301F-11D3-BF4B-00C04F79EFBC}") = "BoltonCup.Application", "BoltonCup.Application\src\BoltonCup.Application.csproj", "{3586F54D-8F99-4F3A-9DDF-C11D254FE20B}"
EndProject
Project("{2150E333-8FDC-42A3-9474-1A3956D46DE8}") = "BoltonCup.Integrations", "BoltonCup.Integrations", "{EE0184F2-A176-B3FB-365D-E3994065014A}"
EndProject
Project("{2150E333-8FDC-42A3-9474-1A3956D46DE8}") = "src", "src", "{0EE3AE51-1B66-2AB5-F774-888EBA848BD4}"
EndProject
Project("{FAE04EC0-301F-11D3-BF4B-00C04F79EFBC}") = "BoltonCup.Integrations", "BoltonCup.Integrations\src\BoltonCup.Integrations.csproj", "{CE60A460-B7C8-4E2C-9606-A87CE542F432}"
EndProject
Project("{2150E333-8FDC-42A3-9474-1A3956D46DE8}") = "BoltonCup.Persistence", "BoltonCup.Persistence", "{29D0F452-F962-0BF6-9E1C-3F78A5A5806C}"
EndProject
Project("{2150E333-8FDC-42A3-9474-1A3956D46DE8}") = "src", "src", "{9F833B86-0889-EBB0-B871-95D6896DF91E}"
EndProject
Project("{FAE04EC0-301F-11D3-BF4B-00C04F79EFBC}") = "BoltonCup.Persistence", "BoltonCup.Persistence\src\BoltonCup.Persistence.csproj", "{EE53E29A-28F8-4409-9ED5-3057DC7AED5E}"
EndProject
Project("{2150E333-8FDC-42A3-9474-1A3956D46DE8}") = "BoltonCup.SessionStorage", "BoltonCup.SessionStorage", "{822D4B91-AA2F-EFC3-F541-7B05E817B12A}"
EndProject
Project("{2150E333-8FDC-42A3-9474-1A3956D46DE8}") = "src", "src", "{DBC896CA-2632-E4EA-10D2-4A1121B04207}"
EndProject
Project("{FAE04EC0-301F-11D3-BF4B-00C04F79EFBC}") = "BoltonCup.SessionStorage", "BoltonCup.SessionStorage\src\BoltonCup.SessionStorage.csproj", "{5C59428F-8753-45D2-8A8B-A34CC88215DB}"
EndProject
Project("{2150E333-8FDC-42A3-9474-1A3956D46DE8}") = "BoltonCup.Auth", "BoltonCup.Auth", "{0C45E324-C874-9B5D-BD97-0995BB343A1E}"
EndProject
Project("{2150E333-8FDC-42A3-9474-1A3956D46DE8}") = "src", "src", "{F872FA08-253D-F6D2-E1B4-28ECCD684893}"
EndProject
Project("{FAE04EC0-301F-11D3-BF4B-00C04F79EFBC}") = "BoltonCup.Auth", "BoltonCup.Auth\src\BoltonCup.Auth.csproj", "{50F3AD4F-09C4-447B-9088-5B29B22D5518}"
EndProject
Project("{2150E333-8FDC-42A3-9474-1A3956D46DE8}") = "BoltonCup.Draft", "BoltonCup.Draft", "{0CD81DBF-5342-97ED-1EEC-5A7DD99F3918}"
EndProject
Project("{2150E333-8FDC-42A3-9474-1A3956D46DE8}") = "src", "src", "{B51C2B0F-62FB-2B0E-4DC4-1BC0E361BCB9}"
EndProject
Project("{FAE04EC0-301F-11D3-BF4B-00C04F79EFBC}") = "BoltonCup.Draft", "BoltonCup.Draft\src\BoltonCup.Draft.csproj", "{9B3818CF-5533-41F7-8F01-614BD0A86DA2}"
EndProject
Project("{2150E333-8FDC-42A3-9474-1A3956D46DE8}") = "BoltonCup.Timekeeper", "BoltonCup.Timekeeper", "{E8E34A8A-C846-7921-9BC0-3C4C39F24EE2}"
EndProject
Project("{2150E333-8FDC-42A3-9474-1A3956D46DE8}") = "src", "src", "{5F1E8AAA-7B3E-90D2-9969-76EFE65D9AE2}"
EndProject
Project("{FAE04EC0-301F-11D3-BF4B-00C04F79EFBC}") = "BoltonCup.Timekeeper", "BoltonCup.Timekeeper\src\BoltonCup.Timekeeper.csproj", "{470B8475-C16F-448D-8546-4E8A04DC50C7}"
EndProject
Project("{2150E333-8FDC-42A3-9474-1A3956D46DE8}") = "BoltonCup.WebAPI", "BoltonCup.WebAPI", "{50BC94C9-9824-82AE-09BE-A865F09C001E}"
EndProject
Project("{2150E333-8FDC-42A3-9474-1A3956D46DE8}") = "src", "src", "{AB18F981-43C3-075F-DC02-028B0EC86393}"
EndProject
Project("{FAE04EC0-301F-11D3-BF4B-00C04F79EFBC}") = "BoltonCup.WebAPI", "BoltonCup.WebAPI\src\BoltonCup.WebAPI.csproj", "{B87B343A-A158-41DA-9726-83A6182C93FD}"
EndProject
Project("{2150E333-8FDC-42A3-9474-1A3956D46DE8}") = "BoltonCup.WebClient", "BoltonCup.WebClient", "{1AD2CF16-0A74-EE24-3FAF-1B5D47E6CA01}"
EndProject
Project("{2150E333-8FDC-42A3-9474-1A3956D46DE8}") = "src", "src", "{AFA59DD1-C7B7-F51E-EC46-445D75F8BA48}"
EndProject
Project("{FAE04EC0-301F-11D3-BF4B-00C04F79EFBC}") = "BoltonCup.WebClient", "BoltonCup.WebClient\src\BoltonCup.WebClient.csproj", "{5DB478A3-5CF4-419A-872A-AE09152B450B}"
EndProject
Project("{2150E333-8FDC-42A3-9474-1A3956D46DE8}") = "BoltonCup.WebClient.SitemapGenerator", "BoltonCup.WebClient.SitemapGenerator", "{8D2DE89B-5DD3-26FB-0F9D-B040EEFA0A38}"
EndProject
Project("{2150E333-8FDC-42A3-9474-1A3956D46DE8}") = "src", "src", "{F718CF4B-07D9-FB5D-F7B3-D0E82A2CF33E}"
EndProject
Project("{FAE04EC0-301F-11D3-BF4B-00C04F79EFBC}") = "BoltonCup.WebClient.SitemapGenerator", "BoltonCup.WebClient.SitemapGenerator\src\BoltonCup.WebClient.SitemapGenerator.csproj", "{0E7872A2-7C8A-41F9-9FA9-F34B7CA9E301}"
EndProject
Project("{2150E333-8FDC-42A3-9474-1A3956D46DE8}") = "tests", "tests", "{45B609A2-93CC-3387-60D1-EFB469FA668A}"
EndProject
Project("{FAE04EC0-301F-11D3-BF4B-00C04F79EFBC}") = "BoltonCup.WebAPI.Tests", "BoltonCup.WebAPI\tests\BoltonCup.WebAPI.Tests.csproj", "{BFC890E3-585C-41E5-A64B-3891513E8C60}"
EndProject
Global
	GlobalSection(SolutionConfigurationPlatforms) = preSolution
		Debug|Any CPU = Debug|Any CPU
		Debug|x64 = Debug|x64
		Debug|x86 = Debug|x86
		Release|Any CPU = Release|Any CPU
		Release|x64 = Release|x64
		Release|x86 = Release|x86
	EndGlobalSection
	GlobalSection(ProjectConfigurationPlatforms) = postSolution
		{76888F4C-A80A-4BCD-8A80-42244AE22BA4}.Debug|Any CPU.ActiveCfg = Debug|Any CPU
		{76888F4C-A80A-4BCD-8A80-42244AE22BA4}.Debug|Any CPU.Build.0 = Debug|Any CPU
		{76888F4C-A80A-4BCD-8A80-42244AE22BA4}.Debug|x64.ActiveCfg = Debug|Any CPU
		{76888F4C-A80A-4BCD-8A80-42244AE22BA4}.Debug|x64.Build.0 = Debug|Any CPU
		{76888F4C-A80A-4BCD-8A80-42244AE22BA4}.Debug|x86.ActiveCfg = Debug|Any CPU
		{76888F4C-A80A-4BCD-8A80-42244AE22BA4}.Debug|x86.Build.0 = Debug|Any CPU
		{76888F4C-A80A-4BCD-8A80-42244AE22BA4}.Release|Any CPU.ActiveCfg = Release|Any CPU
		{76888F4C-A80A-4BCD-8A80-42244AE22BA4}.Release|Any CPU.Build.0 = Release|Any CPU
		{76888F4C-A80A-4BCD-8A80-42244AE22BA4}.Release|x64.ActiveCfg = Release|Any CPU
		{76888F4C-A80A-4BCD-8A80-42244AE22BA4}.Release|x64.Build.0 = Release|Any CPU
		{76888F4C-A80A-4BCD-8A80-42244AE22BA4}.Release|x86.ActiveCfg = Release|Any CPU
		{76888F4C-A80A-4BCD-8A80-42244AE22BA4}.Release|x86.Build.0 = Release|Any CPU
		{AEF64809-1B34-432E-9522-8C6CC8CB3A4A}.Debug|Any CPU.ActiveCfg = Debug|Any CPU
		{AEF64809-1B34-432E-9522-8C6CC8CB3A4A}.Debug|Any CPU.Build.0 = Debug|Any CPU
		{AEF64809-1B34-432E-9522-8C6CC8CB3A4A}.Debug|x64.ActiveCfg = Debug|Any CPU
		{AEF64809-1B34-432E-9522-8C6CC8CB3A4A}.Debug|x64.Build.0 = Debug|Any CPU
		{AEF64809-1B34-432E-9522-8C6CC8CB3A4A}.Debug|x86.ActiveCfg = Debug|Any CPU
		{AEF64809-1B34-432E-9522-8C6CC8CB3A4A}.Debug|x86.Build.0 = Debug|Any CPU
		{AEF64809-1B34-432E-9522-8C6CC8CB3A4A}.Release|Any CPU.ActiveCfg = Release|Any CPU
		{AEF64809-1B34-432E-9522-8C6CC8CB3A4A}.Release|Any CPU.Build.0 = Release|Any CPU
		{AEF64809-1B34-432E-9522-8C6CC8CB3A4A}.Release|x64.ActiveCfg = Release|Any CPU
		{AEF64809-1B34-432E-9522-8C6CC8CB3A4A}.Release|x64.Build.0 = Release|Any CPU
		{AEF64809-1B34-432E-9522-8C6CC8CB3A4A}.Release|x86.ActiveCfg = Release|Any CPU
		{AEF64809-1B34-432E-9522-8C6CC8CB3A4A}.Release|x86.Build.0 = Release|Any CPU
		{21D39F43-5132-4A19-9A75-3DD97508B864}.Debug|Any CPU.ActiveCfg = Debug|Any CPU
		{21D39F43-5132-4A19-9A75-3DD97508B864}.Debug|Any CPU.Build.0 = Debug|Any CPU
		{21D39F43-5132-4A19-9A75-3DD97508B864}.Debug|x64.ActiveCfg = Debug|Any CPU
		{21D39F43-5132-4A19-9A75-3DD97508B864}.Debug|x64.Build.0 = Debug|Any CPU
		{21D39F43-5132-4A19-9A75-3DD97508B864}.Debug|x86.ActiveCfg = Debug|Any CPU
		{21D39F43-5132-4A19-9A75-3DD97508B864}.Debug|x86.Build.0 = Debug|Any CPU
		{21D39F43-5132-4A19-9A75-3DD97508B864}.Release|Any CPU.ActiveCfg = Release|Any CPU
		{21D39F43-5132-4A19-9A75-3DD97508B864}.Release|Any CPU.Build.0 = Release|Any CPU
		{21D39F43-5132-4A19-9A75-3DD97508B864}.Release|x64.ActiveCfg = Release|Any CPU
		{21D39F43-5132-4A19-9A75-3DD97508B864}.Release|x64.Build.0 = Release|Any CPU
		{21D39F43-5132-4A19-9A75-3DD97508B864}.Release|x86.ActiveCfg = Release|Any CPU
		{21D39F43-5132-4A19-9A75-3DD97508B864}.Release|x86.Build.0 = Release|Any CPU
		{B1A41479-297C-4EE5-8791-B7A58BF81F25}.Debug|Any CPU.ActiveCfg = Debug|Any CPU
		{B1A41479-297C-4EE5-8791-B7A58BF81F25}.Debug|Any CPU.Build.0 = Debug|Any CPU
		{B1A41479-297C-4EE5-8791-B7A58BF81F25}.Debug|x64.ActiveCfg = Debug|Any CPU
		{B1A41479-297C-4EE5-8791-B7A58BF81F25}.Debug|x64.Build.0 = Debug|Any CPU
		{B1A41479-297C-4EE5-8791-B7A58BF81F25}.Debug|x86.ActiveCfg = Debug|Any CPU
		{B1A41479-297C-4EE5-8791-B7A58BF81F25}.Debug|x86.Build.0 = Debug|Any CPU
		{B1A41479-297C-4EE5-8791-B7A58BF81F25}.Release|Any CPU.ActiveCfg = Release|Any CPU
		{B1A41479-297C-4EE5-8791-B7A58BF81F25}.Release|Any CPU.Build.0 = Release|Any CPU
		{B1A41479-297C-4EE5-8791-B7A58BF81F25}.Release|x64.ActiveCfg = Release|Any CPU
		{B1A41479-297C-4EE5-8791-B7A58BF81F25}.Release|x64.Build.0 = Release|Any CPU
		{B1A41479-297C-4EE5-8791-B7A58BF81F25}.Release|x86.ActiveCfg = Release|Any CPU
		{B1A41479-297C-4EE5-8791-B7A58BF81F25}.Release|x86.Build.0 = Release|Any CPU
		{29491E5F-A3BA-4C0D-8BDE-359473CB88E0}.Debug|Any CPU.ActiveCfg = Debug|Any CPU
		{29491E5F-A3BA-4C0D-8BDE-359473CB88E0}.Debug|Any CPU.Build.0 = Debug|Any CPU
		{29491E5F-A3BA-4C0D-8BDE-359473CB88E0}.Debug|x64.ActiveCfg = Debug|Any CPU
		{29491E5F-A3BA-4C0D-8BDE-359473CB88E0}.Debug|x64.Build.0 = Debug|Any CPU
		{29491E5F-A3BA-4C0D-8BDE-359473CB88E0}.Debug|x86.ActiveCfg = Debug|Any CPU
		{29491E5F-A3BA-4C0D-8BDE-359473CB88E0}.Debug|x86.Build.0 = Debug|Any CPU
		{29491E5F-A3BA-4C0D-8BDE-359473CB88E0}.Release|Any CPU.ActiveCfg = Release|Any CPU
		{29491E5F-A3BA-4C0D-8BDE-359473CB88E0}.Release|Any CPU.Build.0 = Release|Any CPU
		{29491E5F-A3BA-4C0D-8BDE-359473CB88E0}.Release|x64.ActiveCfg = Release|Any CPU
		{29491E5F-A3BA-4C0D-8BDE-359473CB88E0}.Release|x64.Build.0 = Release|Any CPU
		{29491E5F-A3BA-4C0D-8BDE-359473CB88E0}.Release|x86.ActiveCfg = Release|Any CPU
		{29491E5F-A3BA-4C0D-8BDE-359473CB88E0}.Release|x86.Build.0 = Release|Any CPU
		{3586F54D-8F99-4F3A-9DDF-C11D254FE20B}.Debug|Any CPU.ActiveCfg = Debug|Any CPU
		{3586F54D-8F99-4F3A-9DDF-C11D254FE20B}.Debug|Any CPU.Build.0 = Debug|Any CPU
		{3586F54D-8F99-4F3A-9DDF-C11D254FE20B}.Debug|x64.ActiveCfg = Debug|Any CPU
		{3586F54D-8F99-4F3A-9DDF-C11D254FE20B}.Debug|x64.Build.0 = Debug|Any CPU
		{3586F54D-8F99-4F3A-9DDF-C11D254FE20B}.Debug|x86.ActiveCfg = Debug|Any CPU
		{3586F54D-8F99-4F3A-9DDF-C11D254FE20B}.Debug|x86.Build.0 = Debug|Any CPU
		{3586F54D-8F99-4F3A-9DDF-C11D254FE20B}.Release|Any CPU.ActiveCfg = Release|Any CPU
		{3586F54D-8F99-4F3A-9DDF-C11D254FE20B}.Release|Any CPU.Build.0 = Release|Any CPU
		{3586F54D-8F99-4F3A-9DDF-C11D254FE20B}.Release|x64.ActiveCfg = Release|Any CPU
		{3586F54D-8F99-4F3A-9DDF-C11D254FE20B}.Release|x64.Build.0 = Release|Any CPU
		{3586F54D-8F99-4F3A-9DDF-C11D254FE20B}.Release|x86.ActiveCfg = Release|Any CPU
		{3586F54D-8F99-4F3A-9DDF-C11D254FE20B}.Release|x86.Build.0 = Release|Any CPU
		{CE60A460-B7C8-4E2C-9606-A87CE542F432}.Debug|Any CPU.ActiveCfg = Debug|Any CPU
		{CE60A460-B7C8-4E2C-9606-A87CE542F432}.Debug|Any CPU.Build.0 = Debug|Any CPU
		{CE60A460-B7C8-4E2C-9606-A87CE542F432}.Debug|x64.ActiveCfg = Debug|Any CPU
		{CE60A460-B7C8-4E2C-9606-A87CE542F432}.Debug|x64.Build.0 = Debug|Any CPU
		{CE60A460-B7C8-4E2C-9606-A87CE542F432}.Debug|x86.ActiveCfg = Debug|Any CPU
		{CE60A460-B7C8-4E2C-9606-A87CE542F432}.Debug|x86.Build.0 = Debug|Any CPU
		{CE60A460-B7C8-4E2C-9606-A87CE542F432}.Release|Any CPU.ActiveCfg = Release|Any CPU
		{CE60A460-B7C8-4E2C-9606-A87CE542F432}.Release|Any CPU.Build.0 = Release|Any CPU
		{CE60A460-B7C8-4E2C-9606-A87CE542F432}.Release|x64.ActiveCfg = Release|Any CPU
		{CE60A460-B7C8-4E2C-9606-A87CE542F432}.Release|x64.Build.0 = Release|Any CPU
		{CE60A460-B7C8-4E2C-9606-A87CE542F432}.Release|x86.ActiveCfg = Release|Any CPU
		{CE60A460-B7C8-4E2C-9606-A87CE542F432}.Release|x86.Build.0 = Release|Any CPU
		{EE53E29A-28F8-4409-9ED5-3057DC7AED5E}.Debug|Any CPU.ActiveCfg = Debug|Any CPU
		{EE53E29A-28F8-4409-9ED5-3057DC7AED5E}.Debug|Any CPU.Build.0 = Debug|Any CPU
		{EE53E29A-28F8-4409-9ED5-3057DC7AED5E}.Debug|x64.ActiveCfg = Debug|Any CPU
		{EE53E29A-28F8-4409-9ED5-3057DC7AED5E}.Debug|x64.Build.0 = Debug|Any CPU
		{EE53E29A-28F8-4409-9ED5-3057DC7AED5E}.Debug|x86.ActiveCfg = Debug|Any CPU
		{EE53E29A-28F8-4409-9ED5-3057DC7AED5E}.Debug|x86.Build.0 = Debug|Any CPU
		{EE53E29A-28F8-4409-9ED5-3057DC7AED5E}.Release|Any CPU.ActiveCfg = Release|Any CPU
		{EE53E29A-28F8-4409-9ED5-3057DC7AED5E}.Release|Any CPU.Build.0 = Release|Any CPU
		{EE53E29A-28F8-4409-9ED5-3057DC7AED5E}.Release|x64.ActiveCfg = Release|Any CPU
		{EE53E29A-28F8-4409-9ED5-3057DC7AED5E}.Release|x64.Build.0 = Release|Any CPU
		{EE53E29A-28F8-4409-9ED5-3057DC7AED5E}.Release|x86.ActiveCfg = Release|Any CPU
		{EE53E29A-28F8-4409-9ED5-3057DC7AED5E}.Release|x86.Build.0 = Release|Any CPU
		{5C59428F-8753-45D2-8A8B-A34CC88215DB}.Debug|Any CPU.ActiveCfg = Debug|Any CPU
		{5C59428F-8753-45D2-8A8B-A34CC88215DB}.Debug|Any CPU.Build.0 = Debug|Any CPU
		{5C59428F-8753-45D2-8A8B-A34CC88215DB}.Debug|x64.ActiveCfg = Debug|Any CPU
		{5C59428F-8753-45D2-8A8B-A34CC88215DB}.Debug|x64.Build.0 = Debug|Any CPU
		{5C59428F-8753-45D2-8A8B-A34CC88215DB}.Debug|x86.ActiveCfg = Debug|Any CPU
		{5C59428F-8753-45D2-8A8B-A34CC88215DB}.Debug|x86.Build.0 = Debug|Any CPU
		{5C59428F-8753-45D2-8A8B-A34CC88215DB}.Release|Any CPU.ActiveCfg = Release|Any CPU
		{5C59428F-8753-45D2-8A8B-A34CC88215DB}.Release|Any CPU.Build.0 = Release|Any CPU
		{5C59428F-8753-45D2-8A8B-A34CC88215DB}.Release|x64.ActiveCfg = Release|Any CPU
		{5C59428F-8753-45D2-8A8B-A34CC88215DB}.Release|x64.Build.0 = Release|Any CPU
		{5C59428F-8753-45D2-8A8B-A34CC88215DB}.Release|x86.ActiveCfg = Release|Any CPU
		{5C59428F-8753-45D2-8A8B-A34CC88215DB}.Release|x86.Build.0 = Release|Any CPU
		{50F3AD4F-09C4-447B-9088-5B29B22D5518}.Debug|Any CPU.ActiveCfg = Debug|Any CPU
		{50F3AD4F-09C4-447B-9088-5B29B22D5518}.Debug|Any CPU.Build.0 = Debug|Any CPU
		{50F3AD4F-09C4-447B-9088-5B29B22D5518}.Debug|x64.ActiveCfg = Debug|Any CPU
		{50F3AD4F-09C4-447B-9088-5B29B22D5518}.Debug|x64.Build.0 = Debug|Any CPU
		{50F3AD4F-09C4-447B-9088-5B29B22D5518}.Debug|x86.ActiveCfg = Debug|Any CPU
		{50F3AD4F-09C4-447B-9088-5B29B22D5518}.Debug|x86.Build.0 = Debug|Any CPU
		{50F3AD4F-09C4-447B-9088-5B29B22D5518}.Release|Any CPU.ActiveCfg = Release|Any CPU
		{50F3AD4F-09C4-447B-9088-5B29B22D5518}.Release|Any CPU.Build.0 = Release|Any CPU
		{50F3AD4F-09C4-447B-9088-5B29B22D5518}.Release|x64.ActiveCfg = Release|Any CPU
		{50F3AD4F-09C4-447B-9088-5B29B22D5518}.Release|x64.Build.0 = Release|Any CPU
		{50F3AD4F-09C4-447B-9088-5B29B22D5518}.Release|x86.ActiveCfg = Release|Any CPU
		{50F3AD4F-09C4-447B-9088-5B29B22D5518}.Release|x86.Build.0 = Release|Any CPU
		{9B3818CF-5533-41F7-8F01-614BD0A86DA2}.Debug|Any CPU.ActiveCfg = Debug|Any CPU
		{9B3818CF-5533-41F7-8F01-614BD0A86DA2}.Debug|Any CPU.Build.0 = Debug|Any CPU
		{9B3818CF-5533-41F7-8F01-614BD0A86DA2}.Debug|x64.ActiveCfg = Debug|Any CPU
		{9B3818CF-5533-41F7-8F01-614BD0A86DA2}.Debug|x64.Build.0 = Debug|Any CPU
		{9B3818CF-5533-41F7-8F01-614BD0A86DA2}.Debug|x86.ActiveCfg = Debug|Any CPU
		{9B3818CF-5533-41F7-8F01-614BD0A86DA2}.Debug|x86.Build.0 = Debug|Any CPU
		{9B3818CF-5533-41F7-8F01-614BD0A86DA2}.Release|Any CPU.ActiveCfg = Release|Any CPU
		{9B3818CF-5533-41F7-8F01-614BD0A86DA2}.Release|Any CPU.Build.0 = Release|Any CPU
		{9B3818CF-5533-41F7-8F01-614BD0A86DA2}.Release|x64.ActiveCfg = Release|Any CPU
		{9B3818CF-5533-41F7-8F01-614BD0A86DA2}.Release|x64.Build.0 = Release|Any CPU
		{9B3818CF-5533-41F7-8F01-614BD0A86DA2}.Release|x86.ActiveCfg = Release|Any CPU
		{9B3818CF-5533-41F7-8F01-614BD0A86DA2}.Release|x86.Build.0 = Release|Any CPU
		{470B8475-C16F-448D-8546-4E8A04DC50C7}.Debug|Any CPU.ActiveCfg = Debug|Any CPU
		{470B8475-C16F-448D-8546-4E8A04DC50C7}.Debug|Any CPU.Build.0 = Debug|Any CPU
		{470B8475-C16F-448D-8546-4E8A04DC50C7}.Debug|x64.ActiveCfg = Debug|Any CPU
		{470B8475-C16F-448D-8546-4E8A04DC50C7}.Debug|x64.Build.0 = Debug|Any CPU
		{470B8475-C16F-448D-8546-4E8A04DC50C7}.Debug|x86.ActiveCfg = Debug|Any CPU
		{470B8475-C16F-448D-8546-4E8A04DC50C7}.Debug|x86.Build.0 = Debug|Any CPU
		{470B8475-C16F-448D-8546-4E8A04DC50C7}.Release|Any CPU.ActiveCfg = Release|Any CPU
		{470B8475-C16F-448D-8546-4E8A04DC50C7}.Release|Any CPU.Build.0 = Release|Any CPU
		{470B8475-C16F-448D-8546-4E8A04DC50C7}.Release|x64.ActiveCfg = Release|Any CPU
		{470B8475-C16F-448D-8546-4E8A04DC50C7}.Release|x64.Build.0 = Release|Any CPU
		{470B8475-C16F-448D-8546-4E8A04DC50C7}.Release|x86.ActiveCfg = Release|Any CPU
		{470B8475-C16F-448D-8546-4E8A04DC50C7}.Release|x86.Build.0 = Release|Any CPU
		{B87B343A-A158-41DA-9726-83A6182C93FD}.Debug|Any CPU.ActiveCfg = Debug|Any CPU
		{B87B343A-A158-41DA-9726-83A6182C93FD}.Debug|Any CPU.Build.0 = Debug|Any CPU
		{B87B343A-A158-41DA-9726-83A6182C93FD}.Debug|x64.ActiveCfg = Debug|Any CPU
		{B87B343A-A158-41DA-9726-83A6182C93FD}.Debug|x64.Build.0 = Debug|Any CPU
		{B87B343A-A158-41DA-9726-83A6182C93FD}.Debug|x86.ActiveCfg = Debug|Any CPU
		{B87B343A-A158-41DA-9726-83A6182C93FD}.Debug|x86.Build.0 = Debug|Any CPU
		{B87B343A-A158-41DA-9726-83A6182C93FD}.Release|Any CPU.ActiveCfg = Release|Any CPU
		{B87B343A-A158-41DA-9726-83A6182C93FD}.Release|Any CPU.Build.0 = Release|Any CPU
		{B87B343A-A158-41DA-9726-83A6182C93FD}.Release|x64.ActiveCfg = Release|Any CPU
		{B87B343A-A158-41DA-9726-83A6182C93FD}.Release|x64.Build.0 = Release|Any CPU
		{B87B343A-A158-41DA-9726-83A6182C93FD}.Release|x86.ActiveCfg = Release|Any CPU
		{B87B343A-A158-41DA-9726-83A6182C93FD}.Release|x86.Build.0 = Release|Any CPU
		{5DB478A3-5CF4-419A-872A-AE09152B450B}.Debug|Any CPU.ActiveCfg = Debug|Any CPU
		{5DB478A3-5CF4-419A-872A-AE09152B450B}.Debug|Any CPU.Build.0 = Debug|Any CPU
		{5DB478A3-5CF4-419A-872A-AE09152B450B}.Debug|x64.ActiveCfg = Debug|Any CPU
		{5DB478A3-5CF4-419A-872A-AE09152B450B}.Debug|x64.Build.0 = Debug|Any CPU
		{5DB478A3-5CF4-419A-872A-AE09152B450B}.Debug|x86.ActiveCfg = Debug|Any CPU
		{5DB478A3-5CF4-419A-872A-AE09152B450B}.Debug|x86.Build.0 = Debug|Any CPU
		{5DB478A3-5CF4-419A-872A-AE09152B450B}.Release|Any CPU.ActiveCfg = Release|Any CPU
		{5DB478A3-5CF4-419A-872A-AE09152B450B}.Release|Any CPU.Build.0 = Release|Any CPU
		{5DB478A3-5CF4-419A-872A-AE09152B450B}.Release|x64.ActiveCfg = Release|Any CPU
		{5DB478A3-5CF4-419A-872A-AE09152B450B}.Release|x64.Build.0 = Release|Any CPU
		{5DB478A3-5CF4-419A-872A-AE09152B450B}.Release|x86.ActiveCfg = Release|Any CPU
		{5DB478A3-5CF4-419A-872A-AE09152B450B}.Release|x86.Build.0 = Release|Any CPU
		{0E7872A2-7C8A-41F9-9FA9-F34B7CA9E301}.Debug|Any CPU.ActiveCfg = Debug|Any CPU
		{0E7872A2-7C8A-41F9-9FA9-F34B7CA9E301}.Debug|Any CPU.Build.0 = Debug|Any CPU
		{0E7872A2-7C8A-41F9-9FA9-F34B7CA9E301}.Debug|x64.ActiveCfg = Debug|Any CPU
		{0E7872A2-7C8A-41F9-9FA9-F34B7CA9E301}.Debug|x64.Build.0 = Debug|Any CPU
		{0E7872A2-7C8A-41F9-9FA9-F34B7CA9E301}.Debug|x86.ActiveCfg = Debug|Any CPU
		{0E7872A2-7C8A-41F9-9FA9-F34B7CA9E301}.Debug|x86.Build.0 = Debug|Any CPU
		{0E7872A2-7C8A-41F9-9FA9-F34B7CA9E301}.Release|Any CPU.ActiveCfg = Release|Any CPU
		{0E7872A2-7C8A-41F9-9FA9-F34B7CA9E301}.Release|Any CPU.Build.0 = Release|Any CPU
		{0E7872A2-7C8A-41F9-9FA9-F34B7CA9E301}.Release|x64.ActiveCfg = Release|Any CPU
		{0E7872A2-7C8A-41F9-9FA9-F34B7CA9E301}.Release|x64.Build.0 = Release|Any CPU
		{0E7872A2-7C8A-41F9-9FA9-F34B7CA9E301}.Release|x86.ActiveCfg = Release|Any CPU
		{0E7872A2-7C8A-41F9-9FA9-F34B7CA9E301}.Release|x86.Build.0 = Release|Any CPU
		{BFC890E3-585C-41E5-A64B-3891513E8C60}.Debug|Any CPU.ActiveCfg = Debug|Any CPU
		{BFC890E3-585C-41E5-A64B-3891513E8C60}.Debug|Any CPU.Build.0 = Debug|Any CPU
		{BFC890E3-585C-41E5-A64B-3891513E8C60}.Debug|x64.ActiveCfg = Debug|Any CPU
		{BFC890E3-585C-41E5-A64B-3891513E8C60}.Debug|x64.Build.0 = Debug|Any CPU
		{BFC890E3-585C-41E5-A64B-3891513E8C60}.Debug|x86.ActiveCfg = Debug|Any CPU
		{BFC890E3-585C-41E5-A64B-3891513E8C60}.Debug|x86.Build.0 = Debug|Any CPU
		{BFC890E3-585C-41E5-A64B-3891513E8C60}.Release|Any CPU.ActiveCfg = Release|Any CPU
		{BFC890E3-585C-41E5-A64B-3891513E8C60}.Release|Any CPU.Build.0 = Release|Any CPU
		{BFC890E3-585C-41E5-A64B-3891513E8C60}.Release|x64.ActiveCfg = Release|Any CPU
		{BFC890E3-585C-41E5-A64B-3891513E8C60}.Release|x64.Build.0 = Release|Any CPU
		{BFC890E3-585C-41E5-A64B-3891513E8C60}.Release|x86.ActiveCfg = Release|Any CPU
		{BFC890E3-585C-41E5-A64B-3891513E8C60}.Release|x86.Build.0 = Release|Any CPU
	EndGlobalSection
	GlobalSection(SolutionProperties) = preSolution
		HideSolutionNode = FALSE
	EndGlobalSection
	GlobalSection(NestedProjects) = preSolution
		{F186FA80-6982-2C33-204A-F713CF039D95} = {74000FED-0C3B-CF69-F324-60F8C8D4181D}
		{76888F4C-A80A-4BCD-8A80-42244AE22BA4} = {F186FA80-6982-2C33-204A-F713CF039D95}
		{52E8960A-938E-8610-47D8-399795F84D4B} = {351F0CB2-9081-D593-B049-D5B17D146AC2}
		{AEF64809-1B34-432E-9522-8C6CC8CB3A4A} = {52E8960A-938E-8610-47D8-399795F84D4B}
		{AE7BA8A7-8D06-7E6F-21D8-9530D71F12C0} = {6113551E-33D1-39BB-333A-D70622370946}
		{21D39F43-5132-4A19-9A75-3DD97508B864} = {AE7BA8A7-8D06-7E6F-21D8-9530D71F12C0}
		{E118D324-2404-DB2B-FAD3-AAF42539A5C9} = {56736353-2C22-6294-7651-BA8D04E7C5AF}
		{B1A41479-297C-4EE5-8791-B7A58BF81F25} = {E118D324-2404-DB2B-FAD3-AAF42539A5C9}
		{C1A6167D-0EAA-C942-529B-A47F63BBDF7D} = {85A730F8-66C0-2880-161D-D079320740C9}
		{29491E5F-A3BA-4C0D-8BDE-359473CB88E0} = {C1A6167D-0EAA-C942-529B-A47F63BBDF7D}
		{CD040B39-DC41-72BB-ED4D-A28C547106BA} = {B9B038B0-2A4C-2597-F103-31960B020EF1}
		{3586F54D-8F99-4F3A-9DDF-C11D254FE20B} = {CD040B39-DC41-72BB-ED4D-A28C547106BA}
		{0EE3AE51-1B66-2AB5-F774-888EBA848BD4} = {EE0184F2-A176-B3FB-365D-E3994065014A}
		{CE60A460-B7C8-4E2C-9606-A87CE542F432} = {0EE3AE51-1B66-2AB5-F774-888EBA848BD4}
		{9F833B86-0889-EBB0-B871-95D6896DF91E} = {29D0F452-F962-0BF6-9E1C-3F78A5A5806C}
		{EE53E29A-28F8-4409-9ED5-3057DC7AED5E} = {9F833B86-0889-EBB0-B871-95D6896DF91E}
		{DBC896CA-2632-E4EA-10D2-4A1121B04207} = {822D4B91-AA2F-EFC3-F541-7B05E817B12A}
		{5C59428F-8753-45D2-8A8B-A34CC88215DB} = {DBC896CA-2632-E4EA-10D2-4A1121B04207}
		{F872FA08-253D-F6D2-E1B4-28ECCD684893} = {0C45E324-C874-9B5D-BD97-0995BB343A1E}
		{50F3AD4F-09C4-447B-9088-5B29B22D5518} = {F872FA08-253D-F6D2-E1B4-28ECCD684893}
		{B51C2B0F-62FB-2B0E-4DC4-1BC0E361BCB9} = {0CD81DBF-5342-97ED-1EEC-5A7DD99F3918}
		{9B3818CF-5533-41F7-8F01-614BD0A86DA2} = {B51C2B0F-62FB-2B0E-4DC4-1BC0E361BCB9}
		{5F1E8AAA-7B3E-90D2-9969-76EFE65D9AE2} = {E8E34A8A-C846-7921-9BC0-3C4C39F24EE2}
		{470B8475-C16F-448D-8546-4E8A04DC50C7} = {5F1E8AAA-7B3E-90D2-9969-76EFE65D9AE2}
		{AB18F981-43C3-075F-DC02-028B0EC86393} = {50BC94C9-9824-82AE-09BE-A865F09C001E}
		{B87B343A-A158-41DA-9726-83A6182C93FD} = {AB18F981-43C3-075F-DC02-028B0EC86393}
		{AFA59DD1-C7B7-F51E-EC46-445D75F8BA48} = {1AD2CF16-0A74-EE24-3FAF-1B5D47E6CA01}
		{5DB478A3-5CF4-419A-872A-AE09152B450B} = {AFA59DD1-C7B7-F51E-EC46-445D75F8BA48}
		{F718CF4B-07D9-FB5D-F7B3-D0E82A2CF33E} = {8D2DE89B-5DD3-26FB-0F9D-B040EEFA0A38}
		{0E7872A2-7C8A-41F9-9FA9-F34B7CA9E301} = {F718CF4B-07D9-FB5D-F7B3-D0E82A2CF33E}
		{45B609A2-93CC-3387-60D1-EFB469FA668A} = {50BC94C9-9824-82AE-09BE-A865F09C001E}
		{BFC890E3-585C-41E5-A64B-3891513E8C60} = {45B609A2-93CC-3387-60D1-EFB469FA668A}
	EndGlobalSection
EndGlobal
